
Microsoft Visual Studio Solution File, Format Version 10.00
# Visual Studio 2008
Project("{FAE04EC0-301F-11D3-BF4B-00C04F79EFBC}") = "Common.Logging.2008", "modules\Common.Logging\src\Common\Common.Logging\Common.Logging.2008.csproj", "{440D903A-D409-48FC-A6C4-3EE69CCD663B}"
EndProject
Project("{FAE04EC0-301F-11D3-BF4B-00C04F79EFBC}") = "Common.Logging.Tests.2008", "modules\Common.Logging\test\Common\Common.Logging.Tests\Common.Logging.Tests.2008.csproj", "{94E4E1B4-D424-4EB9-BF34-2EE8CC3D7048}"
EndProject
Project("{FAE04EC0-301F-11D3-BF4B-00C04F79EFBC}") = "Common.Logging.EntLib.2008", "modules\Common.Logging.EntLib\src\Common\Common.Logging.EntLib\Common.Logging.EntLib.2008.csproj", "{C493B9F9-EB13-4D07-BBBD-A333DCF15164}"
EndProject
Project("{FAE04EC0-301F-11D3-BF4B-00C04F79EFBC}") = "Common.Logging.EntLib.Tests.2008", "modules\Common.Logging.EntLib\test\Common\Common.Logging.EntLib.Tests\Common.Logging.EntLib.Tests.2008.csproj", "{74434B76-0465-45E6-8262-1745638E19D8}"
EndProject
Project("{FAE04EC0-301F-11D3-BF4B-00C04F79EFBC}") = "Common.Logging.Log4Net.2008", "modules\Common.Logging.Log4Net\src\Common\Common.Logging.Log4Net\Common.Logging.Log4Net.2008.csproj", "{0FEA262C-4EAF-49DB-8D32-8E90DDEF23B6}"
EndProject
Project("{FAE04EC0-301F-11D3-BF4B-00C04F79EFBC}") = "Common.Logging.Log4Net.Tests.2008", "modules\Common.Logging.Log4Net\test\Common\Common.Logging.Log4Net.Tests\Common.Logging.Log4Net.Tests.2008.csproj", "{8FBECEDA-78A0-4429-B791-B9219ED49B36}"
EndProject
Project("{FAE04EC0-301F-11D3-BF4B-00C04F79EFBC}") = "Common.Logging.Log4Net129.2008", "modules\Common.Logging.Log4Net129\src\Common\Common.Logging.Log4Net129\Common.Logging.Log4Net129.2008.csproj", "{A6A7257A-D1AE-4A09-8C1C-F55E099C8A8A}"
EndProject
Project("{FAE04EC0-301F-11D3-BF4B-00C04F79EFBC}") = "Common.Logging.Log4Net129.Tests.2008", "modules\Common.Logging.Log4Net129\test\Common\Common.Logging.Log4Net129.Tests\Common.Logging.Log4Net129.Tests.2008.csproj", "{EDA14ED0-E442-4FBD-9FD6-E6F9732500A0}"
EndProject
Project("{FAE04EC0-301F-11D3-BF4B-00C04F79EFBC}") = "Common.Logging.NLog.2008", "modules\Common.Logging.NLog\src\Common\Common.Logging.NLog\Common.Logging.NLog.2008.csproj", "{C3FAAF50-CA05-42A5-9616-B48C21643D03}"
EndProject
Project("{FAE04EC0-301F-11D3-BF4B-00C04F79EFBC}") = "Common.Logging.NLog.Tests.2008", "modules\Common.Logging.NLog\test\Common\Common.Logging.NLog.Tests\Common.Logging.NLog.Tests.2008.csproj", "{B4BB1353-924A-40F0-9AA5-A7C28AB68F69}"
EndProject
Project("{FAE04EC0-301F-11D3-BF4B-00C04F79EFBC}") = "Common.Logging.EntLib41.2008", "modules\Common.Logging.EntLib41\src\Common\Common.Logging.EntLib41\Common.Logging.EntLib41.2008.csproj", "{F2C864F8-4BD9-431F-9810-70E377F95027}"
EndProject
Project("{FAE04EC0-301F-11D3-BF4B-00C04F79EFBC}") = "Common.Logging.EntLib41.Tests.2008", "modules\Common.Logging.EntLib41\test\Common\Common.Logging.EntLib41.Tests\Common.Logging.EntLib41.Tests.2008.csproj", "{B7DF833E-8260-40CC-9384-7CF747E30B12}"
EndProject
Project("{FAE04EC0-301F-11D3-BF4B-00C04F79EFBC}") = "Common.Logging.Integration.Tests.2008", "modules\Common.Logging\test\Common\Common.Logging.Integration.Tests\Common.Logging.Integration.Tests.2008.csproj", "{E641F51F-1B51-4B94-B419-F902EABCE4D4}"
EndProject
Project("{FAE04EC0-301F-11D3-BF4B-00C04F79EFBC}") = "Common.Logging.EntLib.Integration.Tests.2008", "modules\Common.Logging.EntLib\test\Common\Common.Logging.EntLib.Integration.Tests\Common.Logging.EntLib.Integration.Tests.2008.csproj", "{63F2C13B-4377-4BAA-9104-5BEA389A4621}"
EndProject
Project("{FAE04EC0-301F-11D3-BF4B-00C04F79EFBC}") = "Common.Logging.Log4Net.Integration.Tests.2008", "modules\Common.Logging.Log4Net\test\Common\Common.Logging.Log4Net.Integration.Tests\Common.Logging.Log4Net.Integration.Tests.2008.csproj", "{F7D4B5FA-16FC-4C8A-97B4-FCD391ADE0AF}"
EndProject
Project("{FAE04EC0-301F-11D3-BF4B-00C04F79EFBC}") = "Common.Logging.Log4Net129.Integration.Tests.2008", "modules\Common.Logging.Log4Net129\test\Common\Common.Logging.Log4Net129.Integration.Tests\Common.Logging.Log4Net129.Integration.Tests.2008.csproj", "{F8F786C4-6B20-4E71-9693-6BF367ED6AA1}"
EndProject
Project("{FAE04EC0-301F-11D3-BF4B-00C04F79EFBC}") = "Common.Logging.NLog.Integration.Tests.2008", "modules\Common.Logging.NLog\test\Common\Common.Logging.NLog.Integration.Tests\Common.Logging.NLog.Integration.Tests.2008.csproj", "{EE5CA38F-3F29-43E1-B385-03798EDDC765}"
EndProject
Project("{FAE04EC0-301F-11D3-BF4B-00C04F79EFBC}") = "Common.Logging.EntLib41.Integration.Tests.2008", "modules\Common.Logging.EntLib41\test\Common\Common.Logging.EntLib41.Integration.Tests\Common.Logging.EntLib41.Integration.Tests.2008.csproj", "{E641F51F-1B51-4B94-B419-F902EABCE4D5}"
EndProject
Project("{2150E333-8FDC-42A3-9474-1A3956D46DE8}") = "Solution Items", "Solution Items", "{EC54316A-A3B9-4EF5-A74C-1EC2344D0EA4}"
	ProjectSection(SolutionItems) = preProject
		changelog.txt = changelog.txt
		shared\common-project.include = shared\common-project.include
		doc\api\introduction.html = doc\api\introduction.html
		shared\Logging.build = shared\Logging.build
		Logging.build = Logging.build
		shared\Logging.include = shared\Logging.include
		Logging.ndoc = Logging.ndoc
	EndProjectSection
EndProject
Global
	GlobalSection(SolutionConfigurationPlatforms) = preSolution
		Debug|Any CPU = Debug|Any CPU
		Release|Any CPU = Release|Any CPU
	EndGlobalSection
	GlobalSection(ProjectConfigurationPlatforms) = postSolution
		{440D903A-D409-48FC-A6C4-3EE69CCD663B}.Debug|Any CPU.ActiveCfg = Debug|Any CPU
		{440D903A-D409-48FC-A6C4-3EE69CCD663B}.Debug|Any CPU.Build.0 = Debug|Any CPU
		{440D903A-D409-48FC-A6C4-3EE69CCD663B}.Release|Any CPU.ActiveCfg = Release|Any CPU
		{440D903A-D409-48FC-A6C4-3EE69CCD663B}.Release|Any CPU.Build.0 = Release|Any CPU
		{94E4E1B4-D424-4EB9-BF34-2EE8CC3D7048}.Debug|Any CPU.ActiveCfg = Debug|Any CPU
		{94E4E1B4-D424-4EB9-BF34-2EE8CC3D7048}.Debug|Any CPU.Build.0 = Debug|Any CPU
		{94E4E1B4-D424-4EB9-BF34-2EE8CC3D7048}.Release|Any CPU.ActiveCfg = Release|Any CPU
		{94E4E1B4-D424-4EB9-BF34-2EE8CC3D7048}.Release|Any CPU.Build.0 = Release|Any CPU
		{C493B9F9-EB13-4D07-BBBD-A333DCF15164}.Debug|Any CPU.ActiveCfg = Debug|Any CPU
		{C493B9F9-EB13-4D07-BBBD-A333DCF15164}.Debug|Any CPU.Build.0 = Debug|Any CPU
		{C493B9F9-EB13-4D07-BBBD-A333DCF15164}.Release|Any CPU.ActiveCfg = Release|Any CPU
		{C493B9F9-EB13-4D07-BBBD-A333DCF15164}.Release|Any CPU.Build.0 = Release|Any CPU
		{74434B76-0465-45E6-8262-1745638E19D8}.Debug|Any CPU.ActiveCfg = Debug|Any CPU
		{74434B76-0465-45E6-8262-1745638E19D8}.Debug|Any CPU.Build.0 = Debug|Any CPU
		{74434B76-0465-45E6-8262-1745638E19D8}.Release|Any CPU.ActiveCfg = Release|Any CPU
		{74434B76-0465-45E6-8262-1745638E19D8}.Release|Any CPU.Build.0 = Release|Any CPU
		{0FEA262C-4EAF-49DB-8D32-8E90DDEF23B6}.Debug|Any CPU.ActiveCfg = Debug|Any CPU
		{0FEA262C-4EAF-49DB-8D32-8E90DDEF23B6}.Debug|Any CPU.Build.0 = Debug|Any CPU
		{0FEA262C-4EAF-49DB-8D32-8E90DDEF23B6}.Release|Any CPU.ActiveCfg = Release|Any CPU
		{0FEA262C-4EAF-49DB-8D32-8E90DDEF23B6}.Release|Any CPU.Build.0 = Release|Any CPU
		{8FBECEDA-78A0-4429-B791-B9219ED49B36}.Debug|Any CPU.ActiveCfg = Debug|Any CPU
		{8FBECEDA-78A0-4429-B791-B9219ED49B36}.Debug|Any CPU.Build.0 = Debug|Any CPU
		{8FBECEDA-78A0-4429-B791-B9219ED49B36}.Release|Any CPU.ActiveCfg = Release|Any CPU
		{8FBECEDA-78A0-4429-B791-B9219ED49B36}.Release|Any CPU.Build.0 = Release|Any CPU
		{A6A7257A-D1AE-4A09-8C1C-F55E099C8A8A}.Debug|Any CPU.ActiveCfg = Debug|Any CPU
		{A6A7257A-D1AE-4A09-8C1C-F55E099C8A8A}.Debug|Any CPU.Build.0 = Debug|Any CPU
		{A6A7257A-D1AE-4A09-8C1C-F55E099C8A8A}.Release|Any CPU.ActiveCfg = Release|Any CPU
		{A6A7257A-D1AE-4A09-8C1C-F55E099C8A8A}.Release|Any CPU.Build.0 = Release|Any CPU
		{EDA14ED0-E442-4FBD-9FD6-E6F9732500A0}.Debug|Any CPU.ActiveCfg = Debug|Any CPU
		{EDA14ED0-E442-4FBD-9FD6-E6F9732500A0}.Debug|Any CPU.Build.0 = Debug|Any CPU
		{EDA14ED0-E442-4FBD-9FD6-E6F9732500A0}.Release|Any CPU.ActiveCfg = Release|Any CPU
		{EDA14ED0-E442-4FBD-9FD6-E6F9732500A0}.Release|Any CPU.Build.0 = Release|Any CPU
		{C3FAAF50-CA05-42A5-9616-B48C21643D03}.Debug|Any CPU.ActiveCfg = Debug|Any CPU
		{C3FAAF50-CA05-42A5-9616-B48C21643D03}.Debug|Any CPU.Build.0 = Debug|Any CPU
		{C3FAAF50-CA05-42A5-9616-B48C21643D03}.Release|Any CPU.ActiveCfg = Release|Any CPU
		{C3FAAF50-CA05-42A5-9616-B48C21643D03}.Release|Any CPU.Build.0 = Release|Any CPU
		{B4BB1353-924A-40F0-9AA5-A7C28AB68F69}.Debug|Any CPU.ActiveCfg = Debug|Any CPU
		{B4BB1353-924A-40F0-9AA5-A7C28AB68F69}.Debug|Any CPU.Build.0 = Debug|Any CPU
		{B4BB1353-924A-40F0-9AA5-A7C28AB68F69}.Release|Any CPU.ActiveCfg = Release|Any CPU
		{B4BB1353-924A-40F0-9AA5-A7C28AB68F69}.Release|Any CPU.Build.0 = Release|Any CPU
		{F2C864F8-4BD9-431F-9810-70E377F95027}.Debug|Any CPU.ActiveCfg = Debug|Any CPU
		{F2C864F8-4BD9-431F-9810-70E377F95027}.Debug|Any CPU.Build.0 = Debug|Any CPU
		{F2C864F8-4BD9-431F-9810-70E377F95027}.Release|Any CPU.ActiveCfg = Release|Any CPU
		{F2C864F8-4BD9-431F-9810-70E377F95027}.Release|Any CPU.Build.0 = Release|Any CPU
		{B7DF833E-8260-40CC-9384-7CF747E30B12}.Debug|Any CPU.ActiveCfg = Debug|Any CPU
		{B7DF833E-8260-40CC-9384-7CF747E30B12}.Debug|Any CPU.Build.0 = Debug|Any CPU
		{B7DF833E-8260-40CC-9384-7CF747E30B12}.Release|Any CPU.ActiveCfg = Release|Any CPU
		{B7DF833E-8260-40CC-9384-7CF747E30B12}.Release|Any CPU.Build.0 = Release|Any CPU
		{E641F51F-1B51-4B94-B419-F902EABCE4D4}.Debug|Any CPU.ActiveCfg = Debug|Any CPU
		{E641F51F-1B51-4B94-B419-F902EABCE4D4}.Debug|Any CPU.Build.0 = Debug|Any CPU
		{E641F51F-1B51-4B94-B419-F902EABCE4D4}.Release|Any CPU.ActiveCfg = Release|Any CPU
		{E641F51F-1B51-4B94-B419-F902EABCE4D4}.Release|Any CPU.Build.0 = Release|Any CPU
		{63F2C13B-4377-4BAA-9104-5BEA389A4621}.Debug|Any CPU.ActiveCfg = Debug|Any CPU
		{63F2C13B-4377-4BAA-9104-5BEA389A4621}.Debug|Any CPU.Build.0 = Debug|Any CPU
		{63F2C13B-4377-4BAA-9104-5BEA389A4621}.Release|Any CPU.ActiveCfg = Release|Any CPU
		{63F2C13B-4377-4BAA-9104-5BEA389A4621}.Release|Any CPU.Build.0 = Release|Any CPU
		{F7D4B5FA-16FC-4C8A-97B4-FCD391ADE0AF}.Debug|Any CPU.ActiveCfg = Debug|Any CPU
		{F7D4B5FA-16FC-4C8A-97B4-FCD391ADE0AF}.Debug|Any CPU.Build.0 = Debug|Any CPU
		{F7D4B5FA-16FC-4C8A-97B4-FCD391ADE0AF}.Release|Any CPU.ActiveCfg = Release|Any CPU
		{F7D4B5FA-16FC-4C8A-97B4-FCD391ADE0AF}.Release|Any CPU.Build.0 = Release|Any CPU
		{F8F786C4-6B20-4E71-9693-6BF367ED6AA1}.Debug|Any CPU.ActiveCfg = Debug|Any CPU
		{F8F786C4-6B20-4E71-9693-6BF367ED6AA1}.Debug|Any CPU.Build.0 = Debug|Any CPU
		{F8F786C4-6B20-4E71-9693-6BF367ED6AA1}.Release|Any CPU.ActiveCfg = Release|Any CPU
		{F8F786C4-6B20-4E71-9693-6BF367ED6AA1}.Release|Any CPU.Build.0 = Release|Any CPU
		{EE5CA38F-3F29-43E1-B385-03798EDDC765}.Debug|Any CPU.ActiveCfg = Debug|Any CPU
		{EE5CA38F-3F29-43E1-B385-03798EDDC765}.Debug|Any CPU.Build.0 = Debug|Any CPU
		{EE5CA38F-3F29-43E1-B385-03798EDDC765}.Release|Any CPU.ActiveCfg = Release|Any CPU
		{EE5CA38F-3F29-43E1-B385-03798EDDC765}.Release|Any CPU.Build.0 = Release|Any CPU
		{E641F51F-1B51-4B94-B419-F902EABCE4D5}.Debug|Any CPU.ActiveCfg = Debug|Any CPU
		{E641F51F-1B51-4B94-B419-F902EABCE4D5}.Debug|Any CPU.Build.0 = Debug|Any CPU
		{E641F51F-1B51-4B94-B419-F902EABCE4D5}.Release|Any CPU.ActiveCfg = Release|Any CPU
		{E641F51F-1B51-4B94-B419-F902EABCE4D5}.Release|Any CPU.Build.0 = Release|Any CPU
	EndGlobalSection
	GlobalSection(SolutionProperties) = preSolution
		HideSolutionNode = FALSE
	EndGlobalSection
	GlobalSection(ExtensibilityGlobals) = postSolution
		NAntAddinLastFileName = Common.Logging.build
	EndGlobalSection
EndGlobal
