
Microsoft Visual Studio Solution File, Format Version 12.00
# Visual Studio 2012
Project("{2150E333-8FDC-42A3-9474-1A3956D46DE8}") = "Solution Items", "Solution Items", "{EC54316A-A3B9-4EF5-A74C-1EC2344D0EA4}"
	ProjectSection(SolutionItems) = preProject
		changelog.txt = changelog.txt
		Common.Logging.build = Common.Logging.build
		src\CommonAssemblyInfo.cs.template = src\CommonAssemblyInfo.cs.template
		doc\api\introduction.html = doc\api\introduction.html
		Logging.ndoc = Logging.ndoc
	EndProjectSection
EndProject
Project("{FAE04EC0-301F-11D3-BF4B-00C04F79EFBC}") = "Common.Logging.Portable.2010", "src\Common.Logging.Portable\Common.Logging.Portable.2010.csproj", "{A777809C-DB8B-4399-B6D4-8B1A4877A0AF}"
EndProject
Project("{FAE04EC0-301F-11D3-BF4B-00C04F79EFBC}") = "Common.Logging.2010-net40", "src\Common.Logging\Common.Logging.2010-net40.csproj", "{440D903A-D409-48FC-A6C4-3EE69CCD663B}"
EndProject
Project("{FAE04EC0-301F-11D3-BF4B-00C04F79EFBC}") = "Common.Logging.EntLib31.2010-net40", "src\Common.Logging.EntLib31\Common.Logging.EntLib31.2010-net40.csproj", "{C493B9F9-EB13-4D07-BBBD-A333DCF15164}"
EndProject
Project("{FAE04EC0-301F-11D3-BF4B-00C04F79EFBC}") = "Common.Logging.EntLib41.2010-net40", "src\Common.Logging.EntLib41\Common.Logging.EntLib41.2010-net40.csproj", "{F2C864F8-4BD9-431F-9810-70E377F95027}"
EndProject
Project("{FAE04EC0-301F-11D3-BF4B-00C04F79EFBC}") = "Common.Logging.Log4Net1210.2010-net40", "src\Common.Logging.Log4Net1210\Common.Logging.Log4Net1210.2010-net40.csproj", "{0FEA262C-4EAF-49DB-8D32-8E90DDEF23B6}"
EndProject
Project("{FAE04EC0-301F-11D3-BF4B-00C04F79EFBC}") = "Common.Logging.Log4Net129.2010-net40", "src\Common.Logging.Log4Net129\Common.Logging.Log4Net129.2010-net40.csproj", "{A6A7257A-D1AE-4A09-8C1C-F55E099C8A8A}"
EndProject
Project("{FAE04EC0-301F-11D3-BF4B-00C04F79EFBC}") = "Common.Logging.Tests.2010-net40", "test\Common.Logging.Tests\Common.Logging.Tests.2010-net40.csproj", "{94E4E1B4-D424-4EB9-BF34-2EE8CC3D7048}"
EndProject
Project("{F184B08F-C81C-45F6-A57F-5ABD9991F28F}") = "Common.Logging.Tests.Integration.Vb.2010-net40", "test\Common.Logging.Integration.Tests.Vb\Common.Logging.Tests.Integration.Vb.2010-net40.vbproj", "{3DFB4EAE-A2DD-43F1-ABA6-E28EB1C7DC67}"
EndProject
Project("{FAE04EC0-301F-11D3-BF4B-00C04F79EFBC}") = "Common.Logging.EntLib31.Tests.2010-net40", "test\Common.Logging.EntLib31.Tests\Common.Logging.EntLib31.Tests.2010-net40.csproj", "{74434B76-0465-45E6-8262-1745638E19D8}"
EndProject
Project("{FAE04EC0-301F-11D3-BF4B-00C04F79EFBC}") = "Common.Logging.EntLib31.Tests.Integration.2010-net40", "test\Common.Logging.EntLib31.Integration.Tests\Common.Logging.EntLib31.Tests.Integration.2010-net40.csproj", "{63F2C13B-4377-4BAA-9104-5BEA389A4621}"
EndProject
Project("{FAE04EC0-301F-11D3-BF4B-00C04F79EFBC}") = "Common.Logging.EntLib41.Tests.2010-net40", "test\Common.Logging.EntLib41.Tests\Common.Logging.EntLib41.Tests.2010-net40.csproj", "{B7DF833E-8260-40CC-9384-7CF747E30B12}"
EndProject
Project("{FAE04EC0-301F-11D3-BF4B-00C04F79EFBC}") = "Common.Logging.EntLib41.Tests.Integration.2010-net40", "test\Common.Logging.EntLib41.Integration.Tests\Common.Logging.EntLib41.Tests.Integration.2010-net40.csproj", "{E641F51F-1B51-4B94-B419-F902EABCE4D5}"
EndProject
Project("{FAE04EC0-301F-11D3-BF4B-00C04F79EFBC}") = "Common.Logging.Tests.Integration.2010-net40", "test\Common.Logging.Integration.Tests\Common.Logging.Tests.Integration.2010-net40.csproj", "{E641F51F-1B51-4B94-B419-F902EABCE4D4}"
EndProject
Project("{FAE04EC0-301F-11D3-BF4B-00C04F79EFBC}") = "Common.Logging.Log4Net1210.Tests.2010-net40", "test\Common.Logging.Log4Net1210.Tests\Common.Logging.Log4Net1210.Tests.2010-net40.csproj", "{8FBECEDA-78A0-4429-B791-B9219ED49B36}"
EndProject
Project("{FAE04EC0-301F-11D3-BF4B-00C04F79EFBC}") = "Common.Logging.Log4Net1210.Tests.Integration.2010-net40", "test\Common.Logging.Log4Net1210.Integration.Tests\Common.Logging.Log4Net1210.Tests.Integration.2010-net40.csproj", "{F7D4B5FA-16FC-4C8A-97B4-FCD391ADE0AF}"
EndProject
Project("{FAE04EC0-301F-11D3-BF4B-00C04F79EFBC}") = "Common.Logging.Log4Net129.Tests.2010-net40", "test\Common.Logging.Log4Net129.Tests\Common.Logging.Log4Net129.Tests.2010-net40.csproj", "{EDA14ED0-E442-4FBD-9FD6-E6F9732500A0}"
EndProject
Project("{FAE04EC0-301F-11D3-BF4B-00C04F79EFBC}") = "Common.Logging.Log4Net129.Tests.Integration.2010-net40", "test\Common.Logging.Log4Net129.Integration.Tests\Common.Logging.Log4Net129.Tests.Integration.2010-net40.csproj", "{F8F786C4-6B20-4E71-9693-6BF367ED6AA1}"
EndProject
Project("{FAE04EC0-301F-11D3-BF4B-00C04F79EFBC}") = "Common.Logging.Tests.BinaryCompatibility.2010-net40", "test\Common.Logging.BinaryCompatibility.Tests\Common.Logging.Tests.BinaryCompatibility.2010-net40.csproj", "{E641F51F-1B51-4B94-B419-A902EABCE4D4}"
EndProject
Project("{FAE04EC0-301F-11D3-BF4B-00C04F79EFBC}") = "Common.Logging.TestUtils-net40", "test\Common.Logging.TestUtils\Common.Logging.TestUtils-net40.csproj", "{F5193CD8-B431-48ED-B101-D8DBEF766140}"
EndProject
Project("{FAE04EC0-301F-11D3-BF4B-00C04F79EFBC}") = "Common.Logging.Log4Net1211.2010-net40", "src\Common.Logging.Log4Net1211\Common.Logging.Log4Net1211.2010-net40.csproj", "{2756B5D0-B576-417F-A107-1695DF76D34A}"
EndProject
Project("{FAE04EC0-301F-11D3-BF4B-00C04F79EFBC}") = "Common.Logging.Log4Net1211.Tests.2010-net40", "test\Common.Logging.Log4Net1211.Tests\Common.Logging.Log4Net1211.Tests.2010-net40.csproj", "{C1C5EA00-6553-4C57-B9BC-39B116021715}"
EndProject
Project("{FAE04EC0-301F-11D3-BF4B-00C04F79EFBC}") = "Common.Logging.Log4Net1211.Tests.Integration.2010-net40", "test\Common.Logging.Log4Net1211.Integration.Tests\Common.Logging.Log4Net1211.Tests.Integration.2010-net40.csproj", "{AA8A77A4-143E-4BD5-B188-7133C65E5050}"
EndProject
Project("{2150E333-8FDC-42A3-9474-1A3956D46DE8}") = "NLog-1.0", "NLog-1.0", "{4F43F098-FBFF-4DA7-97E8-E8ACC4968600}"
EndProject
Project("{2150E333-8FDC-42A3-9474-1A3956D46DE8}") = "EntLib-3.1", "EntLib-3.1", "{ED9F22F6-586F-442E-A102-18D0F192520A}"
EndProject
Project("{2150E333-8FDC-42A3-9474-1A3956D46DE8}") = "EntLib-4.1", "EntLib-4.1", "{BD64C6A8-FE60-470F-89CD-1412076FDEF4}"
EndProject
Project("{2150E333-8FDC-42A3-9474-1A3956D46DE8}") = "Log4Net-1.2.10", "Log4Net-1.2.10", "{32768117-3FA1-4EE4-B464-0AD8565AC606}"
EndProject
Project("{2150E333-8FDC-42A3-9474-1A3956D46DE8}") = "Log4Net-1.2.9", "Log4Net-1.2.9", "{37709784-DCD6-4A6A-8EC5-7B1BF4EA0BAF}"
EndProject
Project("{2150E333-8FDC-42A3-9474-1A3956D46DE8}") = "Log4Net-1.2.11", "Log4Net-1.2.11", "{67DEB60F-761A-41F0-9E0F-6D374D82C090}"
EndProject
Project("{2150E333-8FDC-42A3-9474-1A3956D46DE8}") = "CommonLogging", "CommonLogging", "{D26BC7B2-718C-4F97-AF36-4377E19ECE62}"
EndProject
Project("{2150E333-8FDC-42A3-9474-1A3956D46DE8}") = "NLog-2.0", "NLog-2.0", "{B325DB50-238B-4B85-A03F-DA92E611C73D}"
EndProject
Project("{2150E333-8FDC-42A3-9474-1A3956D46DE8}") = "EntLib-5.0", "EntLib-5.0", "{7E15F131-2DB4-4E83-9DF0-3A3A272B4FAD}"
EndProject
Project("{FAE04EC0-301F-11D3-BF4B-00C04F79EFBC}") = "Common.Logging.EntLib50.2010-net40", "src\Common.Logging.EntLib50\Common.Logging.EntLib50.2010-net40.csproj", "{8E5D50C8-85AC-41EA-AA26-2667494D4FAF}"
EndProject
Project("{FAE04EC0-301F-11D3-BF4B-00C04F79EFBC}") = "Common.Logging.EntLib50.Tests.2010-net40", "test\Common.Logging.EntLib50.Tests\Common.Logging.EntLib50.Tests.2010-net40.csproj", "{9FD3F78B-90B7-47DC-B4B5-05EBF2267227}"
EndProject
Project("{FAE04EC0-301F-11D3-BF4B-00C04F79EFBC}") = "Common.Logging.EntLib50.Tests.Integration.2010-net40", "test\Common.Logging.EntLib50.Tests.Integration\Common.Logging.EntLib50.Tests.Integration.2010-net40.csproj", "{4520C7E5-2532-4AC5-9CE8-0CDDADF006CB}"
EndProject
Project("{FAE04EC0-301F-11D3-BF4B-00C04F79EFBC}") = "Common.Logging.NLog20.2010-net40", "src\Common.Logging.NLog20\Common.Logging.NLog20.2010-net40.csproj", "{AC34A9CF-F893-4D1F-99C3-9B703CE6A035}"
EndProject
Project("{FAE04EC0-301F-11D3-BF4B-00C04F79EFBC}") = "Common.Logging.NLog20.Tests.2010-net40", "test\Common.Logging.NLog20.Tests\Common.Logging.NLog20.Tests.2010-net40.csproj", "{45AFA285-AB51-450E-8C56-C1D41B17FD00}"
EndProject
Project("{FAE04EC0-301F-11D3-BF4B-00C04F79EFBC}") = "Common.Logging.NLog20.Tests.Integration.2010-net40", "test\Common.Logging.NLog20.Integration.Tests\Common.Logging.NLog20.Tests.Integration.2010-net40.csproj", "{21CAAB7F-6775-4277-AEFB-6A1A3799C0E6}"
EndProject
Project("{FAE04EC0-301F-11D3-BF4B-00C04F79EFBC}") = "Common.Logging.NLog10.Tests.2010-net40", "test\Common.Logging.NLog10.Tests\Common.Logging.NLog10.Tests.2010-net40.csproj", "{B4BB1353-924A-40F0-9AA5-A7C28AB68F69}"
EndProject
Project("{FAE04EC0-301F-11D3-BF4B-00C04F79EFBC}") = "Common.Logging.NLog10.Tests.Integration.2010-net40", "test\Common.Logging.NLog10.Integration.Tests\Common.Logging.NLog10.Tests.Integration.2010-net40.csproj", "{EE5CA38F-3F29-43E1-B385-03798EDDC765}"
EndProject
Project("{FAE04EC0-301F-11D3-BF4B-00C04F79EFBC}") = "Common.Logging.NLog10.2010-net40", "src\Common.Logging.NLog10\Common.Logging.NLog10.2010-net40.csproj", "{C3FAAF50-CA05-42A5-9616-B48C21643D03}"
EndProject
Project("{FAE04EC0-301F-11D3-BF4B-00C04F79EFBC}") = "Common.Logging.2010-sl40", "src\Common.Logging\Common.Logging.2010-sl40.csproj", "{C185F156-BEFC-44A0-8F25-065558AEDB6A}"
EndProject
Project("{2150E333-8FDC-42A3-9474-1A3956D46DE8}") = "Log4Net-1.2.13", "Log4Net-1.2.13", "{4286B089-C8B5-4FEE-A6FB-009171841E33}"
EndProject
Project("{FAE04EC0-301F-11D3-BF4B-00C04F79EFBC}") = "Common.Logging.Log4Net1213.Tests.2010-net40", "test\Common.Logging.Log4Net1213.Tests\Common.Logging.Log4Net1213.Tests.2010-net40.csproj", "{1C8E137B-EDE7-4E17-B00B-C1DEE166241A}"
EndProject
Project("{FAE04EC0-301F-11D3-BF4B-00C04F79EFBC}") = "Common.Logging.Log4Net1213.Tests.Integration.2010-net40", "test\Common.Logging.Log4Net1213.Integration.Tests\Common.Logging.Log4Net1213.Tests.Integration.2010-net40.csproj", "{592AA9F7-43B0-4FF0-915C-4E7292A8B848}"
EndProject
Project("{FAE04EC0-301F-11D3-BF4B-00C04F79EFBC}") = "Common.Logging.Log4Net1213.2010-net40", "src\Common.Logging.Log4Net1213\Common.Logging.Log4Net1213.2010-net40.csproj", "{8813A12A-E271-4A9E-A46B-9A9A1D482D99}"
EndProject
Global
	GlobalSection(SolutionConfigurationPlatforms) = preSolution
		Debug|Any CPU = Debug|Any CPU
		Release|Any CPU = Release|Any CPU
	EndGlobalSection
	GlobalSection(ProjectConfigurationPlatforms) = postSolution
		{A777809C-DB8B-4399-B6D4-8B1A4877A0AF}.Debug|Any CPU.ActiveCfg = Debug|Any CPU
		{A777809C-DB8B-4399-B6D4-8B1A4877A0AF}.Debug|Any CPU.Build.0 = Debug|Any CPU
		{A777809C-DB8B-4399-B6D4-8B1A4877A0AF}.Release|Any CPU.ActiveCfg = Release|Any CPU
		{A777809C-DB8B-4399-B6D4-8B1A4877A0AF}.Release|Any CPU.Build.0 = Release|Any CPU
		{440D903A-D409-48FC-A6C4-3EE69CCD663B}.Debug|Any CPU.ActiveCfg = Debug|Any CPU
		{440D903A-D409-48FC-A6C4-3EE69CCD663B}.Debug|Any CPU.Build.0 = Debug|Any CPU
		{440D903A-D409-48FC-A6C4-3EE69CCD663B}.Release|Any CPU.ActiveCfg = Release|Any CPU
		{440D903A-D409-48FC-A6C4-3EE69CCD663B}.Release|Any CPU.Build.0 = Release|Any CPU
		{C493B9F9-EB13-4D07-BBBD-A333DCF15164}.Debug|Any CPU.ActiveCfg = Debug|Any CPU
		{C493B9F9-EB13-4D07-BBBD-A333DCF15164}.Debug|Any CPU.Build.0 = Debug|Any CPU
		{C493B9F9-EB13-4D07-BBBD-A333DCF15164}.Release|Any CPU.ActiveCfg = Release|Any CPU
		{C493B9F9-EB13-4D07-BBBD-A333DCF15164}.Release|Any CPU.Build.0 = Release|Any CPU
		{F2C864F8-4BD9-431F-9810-70E377F95027}.Debug|Any CPU.ActiveCfg = Debug|Any CPU
		{F2C864F8-4BD9-431F-9810-70E377F95027}.Debug|Any CPU.Build.0 = Debug|Any CPU
		{F2C864F8-4BD9-431F-9810-70E377F95027}.Release|Any CPU.ActiveCfg = Release|Any CPU
		{F2C864F8-4BD9-431F-9810-70E377F95027}.Release|Any CPU.Build.0 = Release|Any CPU
		{0FEA262C-4EAF-49DB-8D32-8E90DDEF23B6}.Debug|Any CPU.ActiveCfg = Debug|Any CPU
		{0FEA262C-4EAF-49DB-8D32-8E90DDEF23B6}.Debug|Any CPU.Build.0 = Debug|Any CPU
		{0FEA262C-4EAF-49DB-8D32-8E90DDEF23B6}.Release|Any CPU.ActiveCfg = Release|Any CPU
		{0FEA262C-4EAF-49DB-8D32-8E90DDEF23B6}.Release|Any CPU.Build.0 = Release|Any CPU
		{A6A7257A-D1AE-4A09-8C1C-F55E099C8A8A}.Debug|Any CPU.ActiveCfg = Debug|Any CPU
		{A6A7257A-D1AE-4A09-8C1C-F55E099C8A8A}.Debug|Any CPU.Build.0 = Debug|Any CPU
		{A6A7257A-D1AE-4A09-8C1C-F55E099C8A8A}.Release|Any CPU.ActiveCfg = Release|Any CPU
		{A6A7257A-D1AE-4A09-8C1C-F55E099C8A8A}.Release|Any CPU.Build.0 = Release|Any CPU
		{94E4E1B4-D424-4EB9-BF34-2EE8CC3D7048}.Debug|Any CPU.ActiveCfg = Debug|Any CPU
		{94E4E1B4-D424-4EB9-BF34-2EE8CC3D7048}.Debug|Any CPU.Build.0 = Debug|Any CPU
		{94E4E1B4-D424-4EB9-BF34-2EE8CC3D7048}.Release|Any CPU.ActiveCfg = Release|Any CPU
		{94E4E1B4-D424-4EB9-BF34-2EE8CC3D7048}.Release|Any CPU.Build.0 = Release|Any CPU
		{3DFB4EAE-A2DD-43F1-ABA6-E28EB1C7DC67}.Debug|Any CPU.ActiveCfg = Debug|Any CPU
		{3DFB4EAE-A2DD-43F1-ABA6-E28EB1C7DC67}.Debug|Any CPU.Build.0 = Debug|Any CPU
		{3DFB4EAE-A2DD-43F1-ABA6-E28EB1C7DC67}.Release|Any CPU.ActiveCfg = Release|Any CPU
		{3DFB4EAE-A2DD-43F1-ABA6-E28EB1C7DC67}.Release|Any CPU.Build.0 = Release|Any CPU
		{74434B76-0465-45E6-8262-1745638E19D8}.Debug|Any CPU.ActiveCfg = Debug|Any CPU
		{74434B76-0465-45E6-8262-1745638E19D8}.Debug|Any CPU.Build.0 = Debug|Any CPU
		{74434B76-0465-45E6-8262-1745638E19D8}.Release|Any CPU.ActiveCfg = Release|Any CPU
		{74434B76-0465-45E6-8262-1745638E19D8}.Release|Any CPU.Build.0 = Release|Any CPU
		{63F2C13B-4377-4BAA-9104-5BEA389A4621}.Debug|Any CPU.ActiveCfg = Debug|Any CPU
		{63F2C13B-4377-4BAA-9104-5BEA389A4621}.Debug|Any CPU.Build.0 = Debug|Any CPU
		{63F2C13B-4377-4BAA-9104-5BEA389A4621}.Release|Any CPU.ActiveCfg = Release|Any CPU
		{63F2C13B-4377-4BAA-9104-5BEA389A4621}.Release|Any CPU.Build.0 = Release|Any CPU
		{B7DF833E-8260-40CC-9384-7CF747E30B12}.Debug|Any CPU.ActiveCfg = Debug|Any CPU
		{B7DF833E-8260-40CC-9384-7CF747E30B12}.Debug|Any CPU.Build.0 = Debug|Any CPU
		{B7DF833E-8260-40CC-9384-7CF747E30B12}.Release|Any CPU.ActiveCfg = Release|Any CPU
		{B7DF833E-8260-40CC-9384-7CF747E30B12}.Release|Any CPU.Build.0 = Release|Any CPU
		{E641F51F-1B51-4B94-B419-F902EABCE4D5}.Debug|Any CPU.ActiveCfg = Debug|Any CPU
		{E641F51F-1B51-4B94-B419-F902EABCE4D5}.Debug|Any CPU.Build.0 = Debug|Any CPU
		{E641F51F-1B51-4B94-B419-F902EABCE4D5}.Release|Any CPU.ActiveCfg = Release|Any CPU
		{E641F51F-1B51-4B94-B419-F902EABCE4D5}.Release|Any CPU.Build.0 = Release|Any CPU
		{E641F51F-1B51-4B94-B419-F902EABCE4D4}.Debug|Any CPU.ActiveCfg = Debug|Any CPU
		{E641F51F-1B51-4B94-B419-F902EABCE4D4}.Debug|Any CPU.Build.0 = Debug|Any CPU
		{E641F51F-1B51-4B94-B419-F902EABCE4D4}.Release|Any CPU.ActiveCfg = Release|Any CPU
		{E641F51F-1B51-4B94-B419-F902EABCE4D4}.Release|Any CPU.Build.0 = Release|Any CPU
		{8FBECEDA-78A0-4429-B791-B9219ED49B36}.Debug|Any CPU.ActiveCfg = Debug|Any CPU
		{8FBECEDA-78A0-4429-B791-B9219ED49B36}.Debug|Any CPU.Build.0 = Debug|Any CPU
		{8FBECEDA-78A0-4429-B791-B9219ED49B36}.Release|Any CPU.ActiveCfg = Release|Any CPU
		{8FBECEDA-78A0-4429-B791-B9219ED49B36}.Release|Any CPU.Build.0 = Release|Any CPU
		{F7D4B5FA-16FC-4C8A-97B4-FCD391ADE0AF}.Debug|Any CPU.ActiveCfg = Debug|Any CPU
		{F7D4B5FA-16FC-4C8A-97B4-FCD391ADE0AF}.Debug|Any CPU.Build.0 = Debug|Any CPU
		{F7D4B5FA-16FC-4C8A-97B4-FCD391ADE0AF}.Release|Any CPU.ActiveCfg = Release|Any CPU
		{F7D4B5FA-16FC-4C8A-97B4-FCD391ADE0AF}.Release|Any CPU.Build.0 = Release|Any CPU
		{EDA14ED0-E442-4FBD-9FD6-E6F9732500A0}.Debug|Any CPU.ActiveCfg = Debug|Any CPU
		{EDA14ED0-E442-4FBD-9FD6-E6F9732500A0}.Debug|Any CPU.Build.0 = Debug|Any CPU
		{EDA14ED0-E442-4FBD-9FD6-E6F9732500A0}.Release|Any CPU.ActiveCfg = Release|Any CPU
		{EDA14ED0-E442-4FBD-9FD6-E6F9732500A0}.Release|Any CPU.Build.0 = Release|Any CPU
		{F8F786C4-6B20-4E71-9693-6BF367ED6AA1}.Debug|Any CPU.ActiveCfg = Debug|Any CPU
		{F8F786C4-6B20-4E71-9693-6BF367ED6AA1}.Debug|Any CPU.Build.0 = Debug|Any CPU
		{F8F786C4-6B20-4E71-9693-6BF367ED6AA1}.Release|Any CPU.ActiveCfg = Release|Any CPU
		{F8F786C4-6B20-4E71-9693-6BF367ED6AA1}.Release|Any CPU.Build.0 = Release|Any CPU
		{E641F51F-1B51-4B94-B419-A902EABCE4D4}.Debug|Any CPU.ActiveCfg = Debug|Any CPU
		{E641F51F-1B51-4B94-B419-A902EABCE4D4}.Debug|Any CPU.Build.0 = Debug|Any CPU
		{E641F51F-1B51-4B94-B419-A902EABCE4D4}.Release|Any CPU.ActiveCfg = Release|Any CPU
		{E641F51F-1B51-4B94-B419-A902EABCE4D4}.Release|Any CPU.Build.0 = Release|Any CPU
		{F5193CD8-B431-48ED-B101-D8DBEF766140}.Debug|Any CPU.ActiveCfg = Debug|Any CPU
		{F5193CD8-B431-48ED-B101-D8DBEF766140}.Debug|Any CPU.Build.0 = Debug|Any CPU
		{F5193CD8-B431-48ED-B101-D8DBEF766140}.Release|Any CPU.ActiveCfg = Release|Any CPU
		{F5193CD8-B431-48ED-B101-D8DBEF766140}.Release|Any CPU.Build.0 = Release|Any CPU
		{2756B5D0-B576-417F-A107-1695DF76D34A}.Debug|Any CPU.ActiveCfg = Debug|Any CPU
		{2756B5D0-B576-417F-A107-1695DF76D34A}.Debug|Any CPU.Build.0 = Debug|Any CPU
		{2756B5D0-B576-417F-A107-1695DF76D34A}.Release|Any CPU.ActiveCfg = Release|Any CPU
		{2756B5D0-B576-417F-A107-1695DF76D34A}.Release|Any CPU.Build.0 = Release|Any CPU
		{C1C5EA00-6553-4C57-B9BC-39B116021715}.Debug|Any CPU.ActiveCfg = Debug|Any CPU
		{C1C5EA00-6553-4C57-B9BC-39B116021715}.Debug|Any CPU.Build.0 = Debug|Any CPU
		{C1C5EA00-6553-4C57-B9BC-39B116021715}.Release|Any CPU.ActiveCfg = Release|Any CPU
		{C1C5EA00-6553-4C57-B9BC-39B116021715}.Release|Any CPU.Build.0 = Release|Any CPU
		{AA8A77A4-143E-4BD5-B188-7133C65E5050}.Debug|Any CPU.ActiveCfg = Debug|Any CPU
		{AA8A77A4-143E-4BD5-B188-7133C65E5050}.Debug|Any CPU.Build.0 = Debug|Any CPU
		{AA8A77A4-143E-4BD5-B188-7133C65E5050}.Release|Any CPU.ActiveCfg = Release|Any CPU
		{AA8A77A4-143E-4BD5-B188-7133C65E5050}.Release|Any CPU.Build.0 = Release|Any CPU
		{8E5D50C8-85AC-41EA-AA26-2667494D4FAF}.Debug|Any CPU.ActiveCfg = Debug|Any CPU
		{8E5D50C8-85AC-41EA-AA26-2667494D4FAF}.Debug|Any CPU.Build.0 = Debug|Any CPU
		{8E5D50C8-85AC-41EA-AA26-2667494D4FAF}.Release|Any CPU.ActiveCfg = Release|Any CPU
		{8E5D50C8-85AC-41EA-AA26-2667494D4FAF}.Release|Any CPU.Build.0 = Release|Any CPU
		{9FD3F78B-90B7-47DC-B4B5-05EBF2267227}.Debug|Any CPU.ActiveCfg = Debug|Any CPU
		{9FD3F78B-90B7-47DC-B4B5-05EBF2267227}.Debug|Any CPU.Build.0 = Debug|Any CPU
		{9FD3F78B-90B7-47DC-B4B5-05EBF2267227}.Release|Any CPU.ActiveCfg = Release|Any CPU
		{9FD3F78B-90B7-47DC-B4B5-05EBF2267227}.Release|Any CPU.Build.0 = Release|Any CPU
		{4520C7E5-2532-4AC5-9CE8-0CDDADF006CB}.Debug|Any CPU.ActiveCfg = Debug|Any CPU
		{4520C7E5-2532-4AC5-9CE8-0CDDADF006CB}.Debug|Any CPU.Build.0 = Debug|Any CPU
		{4520C7E5-2532-4AC5-9CE8-0CDDADF006CB}.Release|Any CPU.ActiveCfg = Release|Any CPU
		{4520C7E5-2532-4AC5-9CE8-0CDDADF006CB}.Release|Any CPU.Build.0 = Release|Any CPU
		{AC34A9CF-F893-4D1F-99C3-9B703CE6A035}.Debug|Any CPU.ActiveCfg = Debug|Any CPU
		{AC34A9CF-F893-4D1F-99C3-9B703CE6A035}.Debug|Any CPU.Build.0 = Debug|Any CPU
		{AC34A9CF-F893-4D1F-99C3-9B703CE6A035}.Release|Any CPU.ActiveCfg = Release|Any CPU
		{AC34A9CF-F893-4D1F-99C3-9B703CE6A035}.Release|Any CPU.Build.0 = Release|Any CPU
		{45AFA285-AB51-450E-8C56-C1D41B17FD00}.Debug|Any CPU.ActiveCfg = Debug|Any CPU
		{45AFA285-AB51-450E-8C56-C1D41B17FD00}.Debug|Any CPU.Build.0 = Debug|Any CPU
		{45AFA285-AB51-450E-8C56-C1D41B17FD00}.Release|Any CPU.ActiveCfg = Release|Any CPU
		{45AFA285-AB51-450E-8C56-C1D41B17FD00}.Release|Any CPU.Build.0 = Release|Any CPU
		{21CAAB7F-6775-4277-AEFB-6A1A3799C0E6}.Debug|Any CPU.ActiveCfg = Debug|Any CPU
		{21CAAB7F-6775-4277-AEFB-6A1A3799C0E6}.Debug|Any CPU.Build.0 = Debug|Any CPU
		{21CAAB7F-6775-4277-AEFB-6A1A3799C0E6}.Release|Any CPU.ActiveCfg = Release|Any CPU
		{21CAAB7F-6775-4277-AEFB-6A1A3799C0E6}.Release|Any CPU.Build.0 = Release|Any CPU
		{B4BB1353-924A-40F0-9AA5-A7C28AB68F69}.Debug|Any CPU.ActiveCfg = Debug|Any CPU
		{B4BB1353-924A-40F0-9AA5-A7C28AB68F69}.Debug|Any CPU.Build.0 = Debug|Any CPU
		{B4BB1353-924A-40F0-9AA5-A7C28AB68F69}.Release|Any CPU.ActiveCfg = Release|Any CPU
		{B4BB1353-924A-40F0-9AA5-A7C28AB68F69}.Release|Any CPU.Build.0 = Release|Any CPU
		{EE5CA38F-3F29-43E1-B385-03798EDDC765}.Debug|Any CPU.ActiveCfg = Debug|Any CPU
		{EE5CA38F-3F29-43E1-B385-03798EDDC765}.Debug|Any CPU.Build.0 = Debug|Any CPU
		{EE5CA38F-3F29-43E1-B385-03798EDDC765}.Release|Any CPU.ActiveCfg = Release|Any CPU
		{EE5CA38F-3F29-43E1-B385-03798EDDC765}.Release|Any CPU.Build.0 = Release|Any CPU
		{C3FAAF50-CA05-42A5-9616-B48C21643D03}.Debug|Any CPU.ActiveCfg = Debug|Any CPU
		{C3FAAF50-CA05-42A5-9616-B48C21643D03}.Debug|Any CPU.Build.0 = Debug|Any CPU
		{C3FAAF50-CA05-42A5-9616-B48C21643D03}.Release|Any CPU.ActiveCfg = Release|Any CPU
		{C3FAAF50-CA05-42A5-9616-B48C21643D03}.Release|Any CPU.Build.0 = Release|Any CPU
		{C185F156-BEFC-44A0-8F25-065558AEDB6A}.Debug|Any CPU.ActiveCfg = Debug|Any CPU
		{C185F156-BEFC-44A0-8F25-065558AEDB6A}.Debug|Any CPU.Build.0 = Debug|Any CPU
		{C185F156-BEFC-44A0-8F25-065558AEDB6A}.Release|Any CPU.ActiveCfg = Release|Any CPU
		{C185F156-BEFC-44A0-8F25-065558AEDB6A}.Release|Any CPU.Build.0 = Release|Any CPU
		{1C8E137B-EDE7-4E17-B00B-C1DEE166241A}.Debug|Any CPU.ActiveCfg = Debug|Any CPU
		{1C8E137B-EDE7-4E17-B00B-C1DEE166241A}.Debug|Any CPU.Build.0 = Debug|Any CPU
		{1C8E137B-EDE7-4E17-B00B-C1DEE166241A}.Release|Any CPU.ActiveCfg = Release|Any CPU
		{1C8E137B-EDE7-4E17-B00B-C1DEE166241A}.Release|Any CPU.Build.0 = Release|Any CPU
		{592AA9F7-43B0-4FF0-915C-4E7292A8B848}.Debug|Any CPU.ActiveCfg = Debug|Any CPU
		{592AA9F7-43B0-4FF0-915C-4E7292A8B848}.Debug|Any CPU.Build.0 = Debug|Any CPU
		{592AA9F7-43B0-4FF0-915C-4E7292A8B848}.Release|Any CPU.ActiveCfg = Release|Any CPU
		{592AA9F7-43B0-4FF0-915C-4E7292A8B848}.Release|Any CPU.Build.0 = Release|Any CPU
		{8813A12A-E271-4A9E-A46B-9A9A1D482D99}.Debug|Any CPU.ActiveCfg = Debug|Any CPU
		{8813A12A-E271-4A9E-A46B-9A9A1D482D99}.Debug|Any CPU.Build.0 = Debug|Any CPU
		{8813A12A-E271-4A9E-A46B-9A9A1D482D99}.Release|Any CPU.ActiveCfg = Release|Any CPU
		{8813A12A-E271-4A9E-A46B-9A9A1D482D99}.Release|Any CPU.Build.0 = Release|Any CPU
	EndGlobalSection
	GlobalSection(SolutionProperties) = preSolution
		HideSolutionNode = FALSE
	EndGlobalSection
	GlobalSection(NestedProjects) = preSolution
		{440D903A-D409-48FC-A6C4-3EE69CCD663B} = {D26BC7B2-718C-4F97-AF36-4377E19ECE62}
		{94E4E1B4-D424-4EB9-BF34-2EE8CC3D7048} = {D26BC7B2-718C-4F97-AF36-4377E19ECE62}
		{3DFB4EAE-A2DD-43F1-ABA6-E28EB1C7DC67} = {D26BC7B2-718C-4F97-AF36-4377E19ECE62}
		{E641F51F-1B51-4B94-B419-F902EABCE4D4} = {D26BC7B2-718C-4F97-AF36-4377E19ECE62}
		{E641F51F-1B51-4B94-B419-A902EABCE4D4} = {D26BC7B2-718C-4F97-AF36-4377E19ECE62}
		{F5193CD8-B431-48ED-B101-D8DBEF766140} = {D26BC7B2-718C-4F97-AF36-4377E19ECE62}
		{A777809C-DB8B-4399-B6D4-8B1A4877A0AF} = {D26BC7B2-718C-4F97-AF36-4377E19ECE62}
		{C185F156-BEFC-44A0-8F25-065558AEDB6A} = {D26BC7B2-718C-4F97-AF36-4377E19ECE62}
		{74434B76-0465-45E6-8262-1745638E19D8} = {ED9F22F6-586F-442E-A102-18D0F192520A}
		{63F2C13B-4377-4BAA-9104-5BEA389A4621} = {ED9F22F6-586F-442E-A102-18D0F192520A}
		{C493B9F9-EB13-4D07-BBBD-A333DCF15164} = {ED9F22F6-586F-442E-A102-18D0F192520A}
		{B7DF833E-8260-40CC-9384-7CF747E30B12} = {BD64C6A8-FE60-470F-89CD-1412076FDEF4}
		{E641F51F-1B51-4B94-B419-F902EABCE4D5} = {BD64C6A8-FE60-470F-89CD-1412076FDEF4}
		{F2C864F8-4BD9-431F-9810-70E377F95027} = {BD64C6A8-FE60-470F-89CD-1412076FDEF4}
		{8FBECEDA-78A0-4429-B791-B9219ED49B36} = {32768117-3FA1-4EE4-B464-0AD8565AC606}
		{F7D4B5FA-16FC-4C8A-97B4-FCD391ADE0AF} = {32768117-3FA1-4EE4-B464-0AD8565AC606}
		{0FEA262C-4EAF-49DB-8D32-8E90DDEF23B6} = {32768117-3FA1-4EE4-B464-0AD8565AC606}
		{EDA14ED0-E442-4FBD-9FD6-E6F9732500A0} = {37709784-DCD6-4A6A-8EC5-7B1BF4EA0BAF}
		{F8F786C4-6B20-4E71-9693-6BF367ED6AA1} = {37709784-DCD6-4A6A-8EC5-7B1BF4EA0BAF}
		{A6A7257A-D1AE-4A09-8C1C-F55E099C8A8A} = {37709784-DCD6-4A6A-8EC5-7B1BF4EA0BAF}
		{C1C5EA00-6553-4C57-B9BC-39B116021715} = {67DEB60F-761A-41F0-9E0F-6D374D82C090}
		{AA8A77A4-143E-4BD5-B188-7133C65E5050} = {67DEB60F-761A-41F0-9E0F-6D374D82C090}
		{2756B5D0-B576-417F-A107-1695DF76D34A} = {67DEB60F-761A-41F0-9E0F-6D374D82C090}
		{B4BB1353-924A-40F0-9AA5-A7C28AB68F69} = {4F43F098-FBFF-4DA7-97E8-E8ACC4968600}
		{EE5CA38F-3F29-43E1-B385-03798EDDC765} = {4F43F098-FBFF-4DA7-97E8-E8ACC4968600}
		{C3FAAF50-CA05-42A5-9616-B48C21643D03} = {4F43F098-FBFF-4DA7-97E8-E8ACC4968600}
		{AC34A9CF-F893-4D1F-99C3-9B703CE6A035} = {B325DB50-238B-4B85-A03F-DA92E611C73D}
		{45AFA285-AB51-450E-8C56-C1D41B17FD00} = {B325DB50-238B-4B85-A03F-DA92E611C73D}
		{21CAAB7F-6775-4277-AEFB-6A1A3799C0E6} = {B325DB50-238B-4B85-A03F-DA92E611C73D}
		{8E5D50C8-85AC-41EA-AA26-2667494D4FAF} = {7E15F131-2DB4-4E83-9DF0-3A3A272B4FAD}
		{9FD3F78B-90B7-47DC-B4B5-05EBF2267227} = {7E15F131-2DB4-4E83-9DF0-3A3A272B4FAD}
		{4520C7E5-2532-4AC5-9CE8-0CDDADF006CB} = {7E15F131-2DB4-4E83-9DF0-3A3A272B4FAD}
		{1C8E137B-EDE7-4E17-B00B-C1DEE166241A} = {4286B089-C8B5-4FEE-A6FB-009171841E33}
		{592AA9F7-43B0-4FF0-915C-4E7292A8B848} = {4286B089-C8B5-4FEE-A6FB-009171841E33}
		{8813A12A-E271-4A9E-A46B-9A9A1D482D99} = {4286B089-C8B5-4FEE-A6FB-009171841E33}
	EndGlobalSection
	GlobalSection(ExtensibilityGlobals) = postSolution
		NAntAddinLastFileName = Common.Logging.build
	EndGlobalSection
EndGlobal
