
Microsoft Visual Studio Solution File, Format Version 12.00
# Visual Studio 14
VisualStudioVersion = 14.0.25420.1
MinimumVisualStudioVersion = 10.0.40219.1
Project("{2150E333-8FDC-42A3-9474-1A3956D46DE8}") = "Solution Items", "Solution Items", "{EC54316A-A3B9-4EF5-A74C-1EC2344D0EA4}"
	ProjectSection(SolutionItems) = preProject
		changelog.txt = changelog.txt
		Common.Logging.build = Common.Logging.build
		src\CommonAssemblyInfo.cs.template = src\CommonAssemblyInfo.cs.template
		doc\api\introduction.html = doc\api\introduction.html
		Logging.ndoc = Logging.ndoc
	EndProjectSection
EndProject
Project("{FAE04EC0-301F-11D3-BF4B-00C04F79EFBC}") = "Common.Logging.Portable.2010", "src\Common.Logging.Portable\Common.Logging.Portable.2010.csproj", "{A777809C-DB8B-4399-B6D4-8B1A4877A0AF}"
EndProject
Project("{FAE04EC0-301F-11D3-BF4B-00C04F79EFBC}") = "Common.Logging.2010-net40", "src\Common.Logging\Common.Logging.2010-net40.csproj", "{440D903A-D409-48FC-A6C4-3EE69CCD663B}"
EndProject
Project("{FAE04EC0-301F-11D3-BF4B-00C04F79EFBC}") = "Common.Logging.EntLib31.2010-net40", "src\Common.Logging.EntLib31\Common.Logging.EntLib31.2010-net40.csproj", "{C493B9F9-EB13-4D07-BBBD-A333DCF15164}"
EndProject
Project("{FAE04EC0-301F-11D3-BF4B-00C04F79EFBC}") = "Common.Logging.EntLib41.2010-net40", "src\Common.Logging.EntLib41\Common.Logging.EntLib41.2010-net40.csproj", "{F2C864F8-4BD9-431F-9810-70E377F95027}"
EndProject
Project("{FAE04EC0-301F-11D3-BF4B-00C04F79EFBC}") = "Common.Logging.Log4Net1210.2010-net40", "src\Common.Logging.Log4Net1210\Common.Logging.Log4Net1210.2010-net40.csproj", "{0FEA262C-4EAF-49DB-8D32-8E90DDEF23B6}"
EndProject
Project("{FAE04EC0-301F-11D3-BF4B-00C04F79EFBC}") = "Common.Logging.Log4Net129.2010-net40", "src\Common.Logging.Log4Net129\Common.Logging.Log4Net129.2010-net40.csproj", "{A6A7257A-D1AE-4A09-8C1C-F55E099C8A8A}"
EndProject
Project("{FAE04EC0-301F-11D3-BF4B-00C04F79EFBC}") = "Common.Logging.Tests.2010-net40", "test\Common.Logging.Tests\Common.Logging.Tests.2010-net40.csproj", "{94E4E1B4-D424-4EB9-BF34-2EE8CC3D7048}"
EndProject
Project("{F184B08F-C81C-45F6-A57F-5ABD9991F28F}") = "Common.Logging.Tests.Integration.Vb.2010-net40", "test\Common.Logging.Integration.Tests.Vb\Common.Logging.Tests.Integration.Vb.2010-net40.vbproj", "{3DFB4EAE-A2DD-43F1-ABA6-E28EB1C7DC67}"
EndProject
Project("{FAE04EC0-301F-11D3-BF4B-00C04F79EFBC}") = "Common.Logging.EntLib31.Tests.2010-net40", "test\Common.Logging.EntLib31.Tests\Common.Logging.EntLib31.Tests.2010-net40.csproj", "{74434B76-0465-45E6-8262-1745638E19D8}"
EndProject
Project("{FAE04EC0-301F-11D3-BF4B-00C04F79EFBC}") = "Common.Logging.EntLib31.Tests.Integration.2010-net40", "test\Common.Logging.EntLib31.Integration.Tests\Common.Logging.EntLib31.Tests.Integration.2010-net40.csproj", "{63F2C13B-4377-4BAA-9104-5BEA389A4621}"
EndProject
Project("{FAE04EC0-301F-11D3-BF4B-00C04F79EFBC}") = "Common.Logging.EntLib41.Tests.2010-net40", "test\Common.Logging.EntLib41.Tests\Common.Logging.EntLib41.Tests.2010-net40.csproj", "{B7DF833E-8260-40CC-9384-7CF747E30B12}"
EndProject
Project("{FAE04EC0-301F-11D3-BF4B-00C04F79EFBC}") = "Common.Logging.EntLib41.Tests.Integration.2010-net40", "test\Common.Logging.EntLib41.Integration.Tests\Common.Logging.EntLib41.Tests.Integration.2010-net40.csproj", "{E641F51F-1B51-4B94-B419-F902EABCE4D5}"
EndProject
Project("{FAE04EC0-301F-11D3-BF4B-00C04F79EFBC}") = "Common.Logging.Tests.Integration.2010-net40", "test\Common.Logging.Integration.Tests\Common.Logging.Tests.Integration.2010-net40.csproj", "{E641F51F-1B51-4B94-B419-F902EABCE4D4}"
EndProject
Project("{FAE04EC0-301F-11D3-BF4B-00C04F79EFBC}") = "Common.Logging.Log4Net1210.Tests.2010-net40", "test\Common.Logging.Log4Net1210.Tests\Common.Logging.Log4Net1210.Tests.2010-net40.csproj", "{8FBECEDA-78A0-4429-B791-B9219ED49B36}"
EndProject
Project("{FAE04EC0-301F-11D3-BF4B-00C04F79EFBC}") = "Common.Logging.Log4Net1210.Tests.Integration.2010-net40", "test\Common.Logging.Log4Net1210.Integration.Tests\Common.Logging.Log4Net1210.Tests.Integration.2010-net40.csproj", "{F7D4B5FA-16FC-4C8A-97B4-FCD391ADE0AF}"
EndProject
Project("{FAE04EC0-301F-11D3-BF4B-00C04F79EFBC}") = "Common.Logging.Log4Net129.Tests.2010-net40", "test\Common.Logging.Log4Net129.Tests\Common.Logging.Log4Net129.Tests.2010-net40.csproj", "{EDA14ED0-E442-4FBD-9FD6-E6F9732500A0}"
EndProject
Project("{FAE04EC0-301F-11D3-BF4B-00C04F79EFBC}") = "Common.Logging.Log4Net129.Tests.Integration.2010-net40", "test\Common.Logging.Log4Net129.Integration.Tests\Common.Logging.Log4Net129.Tests.Integration.2010-net40.csproj", "{F8F786C4-6B20-4E71-9693-6BF367ED6AA1}"
EndProject
Project("{FAE04EC0-301F-11D3-BF4B-00C04F79EFBC}") = "Common.Logging.Tests.BinaryCompatibility.2010-net40", "test\Common.Logging.BinaryCompatibility.Tests\Common.Logging.Tests.BinaryCompatibility.2010-net40.csproj", "{E641F51F-1B51-4B94-B419-A902EABCE4D4}"
EndProject
Project("{FAE04EC0-301F-11D3-BF4B-00C04F79EFBC}") = "Common.Logging.TestUtils-net40", "test\Common.Logging.TestUtils\Common.Logging.TestUtils-net40.csproj", "{F5193CD8-B431-48ED-B101-D8DBEF766140}"
EndProject
Project("{FAE04EC0-301F-11D3-BF4B-00C04F79EFBC}") = "Common.Logging.Log4Net1211.2010-net40", "src\Common.Logging.Log4Net1211\Common.Logging.Log4Net1211.2010-net40.csproj", "{2756B5D0-B576-417F-A107-1695DF76D34A}"
EndProject
Project("{FAE04EC0-301F-11D3-BF4B-00C04F79EFBC}") = "Common.Logging.Log4Net1211.Tests.2010-net40", "test\Common.Logging.Log4Net1211.Tests\Common.Logging.Log4Net1211.Tests.2010-net40.csproj", "{C1C5EA00-6553-4C57-B9BC-39B116021715}"
EndProject
Project("{FAE04EC0-301F-11D3-BF4B-00C04F79EFBC}") = "Common.Logging.Log4Net1211.Tests.Integration.2010-net40", "test\Common.Logging.Log4Net1211.Integration.Tests\Common.Logging.Log4Net1211.Tests.Integration.2010-net40.csproj", "{AA8A77A4-143E-4BD5-B188-7133C65E5050}"
EndProject
Project("{2150E333-8FDC-42A3-9474-1A3956D46DE8}") = "NLog-1.0", "NLog-1.0", "{4F43F098-FBFF-4DA7-97E8-E8ACC4968600}"
EndProject
Project("{2150E333-8FDC-42A3-9474-1A3956D46DE8}") = "EntLib-3.1", "EntLib-3.1", "{ED9F22F6-586F-442E-A102-18D0F192520A}"
EndProject
Project("{2150E333-8FDC-42A3-9474-1A3956D46DE8}") = "EntLib-4.1", "EntLib-4.1", "{BD64C6A8-FE60-470F-89CD-1412076FDEF4}"
EndProject
Project("{2150E333-8FDC-42A3-9474-1A3956D46DE8}") = "Log4Net-1.2.10", "Log4Net-1.2.10", "{32768117-3FA1-4EE4-B464-0AD8565AC606}"
EndProject
Project("{2150E333-8FDC-42A3-9474-1A3956D46DE8}") = "Log4Net-1.2.9", "Log4Net-1.2.9", "{37709784-DCD6-4A6A-8EC5-7B1BF4EA0BAF}"
EndProject
Project("{2150E333-8FDC-42A3-9474-1A3956D46DE8}") = "Log4Net-1.2.11", "Log4Net-1.2.11", "{67DEB60F-761A-41F0-9E0F-6D374D82C090}"
EndProject
Project("{2150E333-8FDC-42A3-9474-1A3956D46DE8}") = "CommonLogging", "CommonLogging", "{D26BC7B2-718C-4F97-AF36-4377E19ECE62}"
EndProject
Project("{2150E333-8FDC-42A3-9474-1A3956D46DE8}") = "NLog-2.0", "NLog-2.0", "{B325DB50-238B-4B85-A03F-DA92E611C73D}"
EndProject
Project("{2150E333-8FDC-42A3-9474-1A3956D46DE8}") = "EntLib-5.0", "EntLib-5.0", "{7E15F131-2DB4-4E83-9DF0-3A3A272B4FAD}"
EndProject
Project("{FAE04EC0-301F-11D3-BF4B-00C04F79EFBC}") = "Common.Logging.EntLib50.2010-net40", "src\Common.Logging.EntLib50\Common.Logging.EntLib50.2010-net40.csproj", "{8E5D50C8-85AC-41EA-AA26-2667494D4FAF}"
EndProject
Project("{FAE04EC0-301F-11D3-BF4B-00C04F79EFBC}") = "Common.Logging.EntLib50.Tests.2010-net40", "test\Common.Logging.EntLib50.Tests\Common.Logging.EntLib50.Tests.2010-net40.csproj", "{9FD3F78B-90B7-47DC-B4B5-05EBF2267227}"
EndProject
Project("{FAE04EC0-301F-11D3-BF4B-00C04F79EFBC}") = "Common.Logging.EntLib50.Tests.Integration.2010-net40", "test\Common.Logging.EntLib50.Tests.Integration\Common.Logging.EntLib50.Tests.Integration.2010-net40.csproj", "{4520C7E5-2532-4AC5-9CE8-0CDDADF006CB}"
EndProject
Project("{FAE04EC0-301F-11D3-BF4B-00C04F79EFBC}") = "Common.Logging.NLog20.2010-net40", "src\Common.Logging.NLog20\Common.Logging.NLog20.2010-net40.csproj", "{AC34A9CF-F893-4D1F-99C3-9B703CE6A035}"
EndProject
Project("{FAE04EC0-301F-11D3-BF4B-00C04F79EFBC}") = "Common.Logging.NLog20.Tests.2010-net40", "test\Common.Logging.NLog20.Tests\Common.Logging.NLog20.Tests.2010-net40.csproj", "{45AFA285-AB51-450E-8C56-C1D41B17FD00}"
EndProject
Project("{FAE04EC0-301F-11D3-BF4B-00C04F79EFBC}") = "Common.Logging.NLog20.Tests.Integration.2010-net40", "test\Common.Logging.NLog20.Integration.Tests\Common.Logging.NLog20.Tests.Integration.2010-net40.csproj", "{21CAAB7F-6775-4277-AEFB-6A1A3799C0E6}"
EndProject
Project("{FAE04EC0-301F-11D3-BF4B-00C04F79EFBC}") = "Common.Logging.NLog10.Tests.2010-net40", "test\Common.Logging.NLog10.Tests\Common.Logging.NLog10.Tests.2010-net40.csproj", "{B4BB1353-924A-40F0-9AA5-A7C28AB68F69}"
EndProject
Project("{FAE04EC0-301F-11D3-BF4B-00C04F79EFBC}") = "Common.Logging.NLog10.Tests.Integration.2010-net40", "test\Common.Logging.NLog10.Integration.Tests\Common.Logging.NLog10.Tests.Integration.2010-net40.csproj", "{EE5CA38F-3F29-43E1-B385-03798EDDC765}"
EndProject
Project("{FAE04EC0-301F-11D3-BF4B-00C04F79EFBC}") = "Common.Logging.NLog10.2010-net40", "src\Common.Logging.NLog10\Common.Logging.NLog10.2010-net40.csproj", "{C3FAAF50-CA05-42A5-9616-B48C21643D03}"
EndProject
Project("{FAE04EC0-301F-11D3-BF4B-00C04F79EFBC}") = "Common.Logging.2010-sl40", "src\Common.Logging\Common.Logging.2010-sl40.csproj", "{C185F156-BEFC-44A0-8F25-065558AEDB6A}"
EndProject
Project("{2150E333-8FDC-42A3-9474-1A3956D46DE8}") = "Log4Net-1.2.13", "Log4Net-1.2.13", "{6F0DCCC4-A7C0-4A09-91BC-ECAAA8A19E4F}"
EndProject
Project("{FAE04EC0-301F-11D3-BF4B-00C04F79EFBC}") = "Common.Logging.Log4Net1213.2010-net40", "src\Common.Logging.Log4Net1213\Common.Logging.Log4Net1213.2010-net40.csproj", "{0CC4A267-C8CE-4E40-A9C8-82B55B8D983A}"
EndProject
Project("{FAE04EC0-301F-11D3-BF4B-00C04F79EFBC}") = "Common.Logging.Log4Net1213.Tests.2010-net40", "test\Common.Logging.Log4Net1213.Tests\Common.Logging.Log4Net1213.Tests.2010-net40.csproj", "{1EF3D7BE-BA9D-4D32-924D-3A58C48CBC28}"
EndProject
Project("{FAE04EC0-301F-11D3-BF4B-00C04F79EFBC}") = "Common.Logging.Log4Net1213.Tests.Integration.2010-net40", "test\Common.Logging.Log4Net1213.Integration.Tests\Common.Logging.Log4Net1213.Tests.Integration.2010-net40.csproj", "{FA1252A4-90A9-4B29-AE2D-716BA2C9EF4C}"
EndProject
Project("{2150E333-8FDC-42A3-9474-1A3956D46DE8}") = "Log4Net-1.2.12", "Log4Net-1.2.12", "{00E21E5B-EC26-4FE1-99E9-80D89E48F815}"
EndProject
Project("{FAE04EC0-301F-11D3-BF4B-00C04F79EFBC}") = "Common.Logging.Log4Net1212.2010-net40", "src\Common.Logging.Log4Net1212\Common.Logging.Log4Net1212.2010-net40.csproj", "{FE89FAD0-EB54-4F30-9449-6091621AFA8F}"
EndProject
Project("{FAE04EC0-301F-11D3-BF4B-00C04F79EFBC}") = "Common.Logging.Log4Net1212.Tests.2010-net40", "test\Common.Logging.Log4Net1212.Tests\Common.Logging.Log4Net1212.Tests.2010-net40.csproj", "{8B40D8CE-A70D-4C4C-AE3B-90819E3EF3C9}"
EndProject
Project("{FAE04EC0-301F-11D3-BF4B-00C04F79EFBC}") = "Common.Logging.Log4Net1212.Tests.Integration.2010-net40", "test\Common.Logging.Log4Net1212.Integration.Tests\Common.Logging.Log4Net1212.Tests.Integration.2010-net40.csproj", "{2348477B-0F62-41A5-9DD3-786C76EDB0F7}"
EndProject
Project("{2150E333-8FDC-42A3-9474-1A3956D46DE8}") = "NLog-2.1", "NLog-2.1", "{A5BDDA1E-CE12-405F-92DF-3A18C125514F}"
EndProject
Project("{FAE04EC0-301F-11D3-BF4B-00C04F79EFBC}") = "Common.Logging.NLog21.2010-net40", "src\Common.Logging.NLog21\Common.Logging.NLog21.2010-net40.csproj", "{6A4B2532-4790-4283-B014-4BA058D76C18}"
EndProject
Project("{FAE04EC0-301F-11D3-BF4B-00C04F79EFBC}") = "Common.Logging.NLog21.Tests.Integration.2010-net40", "test\Common.Logging.NLog21.Integration.Tests\Common.Logging.NLog21.Tests.Integration.2010-net40.csproj", "{40D3A2FB-6C6E-4277-B698-54ECD88B3E40}"
EndProject
Project("{FAE04EC0-301F-11D3-BF4B-00C04F79EFBC}") = "Common.Logging.NLog21.Tests.2010-net40", "test\Common.Logging.NLog21.Tests\Common.Logging.NLog21.Tests.2010-net40.csproj", "{7D1C58D6-9E5D-47E2-A8D0-59A1AB707CC2}"
EndProject
Project("{2150E333-8FDC-42A3-9474-1A3956D46DE8}") = "NLog-3.0", "NLog-3.0", "{E2A2F5A9-2F2A-429A-AFBD-D88663F16E1D}"
EndProject
Project("{FAE04EC0-301F-11D3-BF4B-00C04F79EFBC}") = "Common.Logging.NLog30.2010-net40", "src\Common.Logging.NLog30\Common.Logging.NLog30.2010-net40.csproj", "{0C674706-2B0B-40E1-88D6-75ECE60A5712}"
EndProject
Project("{FAE04EC0-301F-11D3-BF4B-00C04F79EFBC}") = "Common.Logging.NLog30.Tests.Integration.2010-net40", "test\Common.Logging.NLog30.Integration.Tests\Common.Logging.NLog30.Tests.Integration.2010-net40.csproj", "{1BFC3F87-48AC-4422-8134-369021A04651}"
EndProject
Project("{FAE04EC0-301F-11D3-BF4B-00C04F79EFBC}") = "Common.Logging.NLog30.Tests.2010-net40", "test\Common.Logging.NLog30.Tests\Common.Logging.NLog30.Tests.2010-net40.csproj", "{1535CA93-2F78-4A31-BAE2-E12FE536C7D0}"
EndProject
Project("{2150E333-8FDC-42A3-9474-1A3956D46DE8}") = "NLog-3.1", "NLog-3.1", "{6D82D093-1822-4D32-8A22-9733F63A54C2}"
EndProject
Project("{FAE04EC0-301F-11D3-BF4B-00C04F79EFBC}") = "Common.Logging.NLog31.2010-net40", "src\Common.Logging.NLog31\Common.Logging.NLog31.2010-net40.csproj", "{5535B317-1EFA-4128-AAEB-235354E58299}"
EndProject
Project("{FAE04EC0-301F-11D3-BF4B-00C04F79EFBC}") = "Common.Logging.NLog31.Tests.Integration.2010-net40", "test\Common.Logging.NLog31.Integration.Tests\Common.Logging.NLog31.Tests.Integration.2010-net40.csproj", "{ECEDA5D3-211D-4DCC-A7B4-AA2FB7569C68}"
EndProject
Project("{FAE04EC0-301F-11D3-BF4B-00C04F79EFBC}") = "Common.Logging.NLog31.Tests.2010-net40", "test\Common.Logging.NLog31.Tests\Common.Logging.NLog31.Tests.2010-net40.csproj", "{2B33D4E2-1F60-4DA6-9B60-424E4359FF74}"
EndProject
Project("{2150E333-8FDC-42A3-9474-1A3956D46DE8}") = "_pcl-example", "_pcl-example", "{DDD4F025-4D00-4CA3-B900-33196F8CE02C}"
EndProject
Project("{FAE04EC0-301F-11D3-BF4B-00C04F79EFBC}") = "ThePortableProject", "examples\PCLExample\ThePortableProject\ThePortableProject.csproj", "{E215F828-468E-45B3-8483-245DB607354A}"
EndProject
Project("{FAE04EC0-301F-11D3-BF4B-00C04F79EFBC}") = "Common.Logging.Core.2010", "src\Common.Logging.Core\Common.Logging.Core.2010.csproj", "{7EEB2191-B3FC-4509-AA4B-A345C386EEED}"
EndProject
Project("{FAE04EC0-301F-11D3-BF4B-00C04F79EFBC}") = "TheApplication", "examples\PCLExample\TheApplication\TheApplication.csproj", "{74CE8CDA-60B4-4BC6-A521-5B44B7A6E5A5}"
EndProject
Project("{2150E333-8FDC-42A3-9474-1A3956D46DE8}") = "NLog-3.2", "NLog-3.2", "{C4C06CD4-62A3-4796-950C-126CDD736A19}"
EndProject
Project("{FAE04EC0-301F-11D3-BF4B-00C04F79EFBC}") = "Common.Logging.NLog32.2010-net40", "src\Common.Logging.NLog32\Common.Logging.NLog32.2010-net40.csproj", "{33BE0554-42E6-46B5-A340-0A12DA3755DB}"
EndProject
Project("{FAE04EC0-301F-11D3-BF4B-00C04F79EFBC}") = "Common.Logging.NLog32.Tests.2010-net40", "test\Common.Logging.NLog32.Tests\Common.Logging.NLog32.Tests.2010-net40.csproj", "{5DD06B8D-BF33-488A-8D51-D9568B41FCF7}"
EndProject
Project("{FAE04EC0-301F-11D3-BF4B-00C04F79EFBC}") = "Common.Logging.NLog32.Tests.Integration.2010-net40", "test\Common.Logging.NLog32.Integration.Tests\Common.Logging.NLog32.Tests.Integration.2010-net40.csproj", "{81E3FC72-5F94-4169-B44D-8F470382B931}"
EndProject
Project("{FAE04EC0-301F-11D3-BF4B-00C04F79EFBC}") = "Common.Logging.WinRT.2010", "src\Common.Logging.WinRT.2010\Common.Logging.WinRT.2010.csproj", "{88808830-F9BE-476B-9F1C-F6E0FFCD4312}"
EndProject
Project("{2150E333-8FDC-42A3-9474-1A3956D46DE8}") = "NLog-4.0", "NLog-4.0", "{58478745-EA04-43CD-A407-3E18211B6812}"
EndProject
Project("{FAE04EC0-301F-11D3-BF4B-00C04F79EFBC}") = "Common.Logging.NLog40.2010-net40", "src\Common.Logging.NLog40\Common.Logging.NLog40.2010-net40.csproj", "{8D5E6A4E-3775-457B-9BE2-A46D0F8CB4A8}"
EndProject
Project("{FAE04EC0-301F-11D3-BF4B-00C04F79EFBC}") = "Common.Logging.NLog40.Tests.2010-net40", "test\Common.Logging.NLog40.Tests\Common.Logging.NLog40.Tests.2010-net40.csproj", "{61B1C951-AD48-4398-8DDC-DE5F28378F3B}"
EndProject
Project("{FAE04EC0-301F-11D3-BF4B-00C04F79EFBC}") = "Common.Logging.NLog40.Tests.Integration.2010-net40", "test\Common.Logging.NLog40.Integration.Tests\Common.Logging.NLog40.Tests.Integration.2010-net40.csproj", "{6BB8A4AF-8B42-4812-BFD3-3E392816CAE9}"
EndProject
Project("{2150E333-8FDC-42A3-9474-1A3956D46DE8}") = "NLog-4.1", "NLog-4.1", "{F25D70D1-D3C3-4B0B-AE13-1997C72941BC}"
EndProject
Project("{FAE04EC0-301F-11D3-BF4B-00C04F79EFBC}") = "Common.Logging.NLog41.2010-net40", "src\Common.Logging.NLog41\Common.Logging.NLog41.2010-net40.csproj", "{BBF526E6-1DA3-479E-AC22-A9C45C95CC4A}"
EndProject
Project("{FAE04EC0-301F-11D3-BF4B-00C04F79EFBC}") = "Common.Logging.NLog41.Tests.2010-net40", "test\Common.Logging.NLog41.Tests\Common.Logging.NLog41.Tests.2010-net40.csproj", "{3175D550-BF85-40E4-93DA-CC705159D98F}"
EndProject
Project("{FAE04EC0-301F-11D3-BF4B-00C04F79EFBC}") = "Common.Logging.NLog41.Tests.Integration.2010-net40", "test\Common.Logging.NLog41.Integration.Tests\Common.Logging.NLog41.Tests.Integration.2010-net40.csproj", "{C7978911-3A16-4D0E-9F00-7CA0D6D80B42}"
EndProject
Project("{2150E333-8FDC-42A3-9474-1A3956D46DE8}") = "Log4Net-1.2.15", "Log4Net-1.2.15", "{0760E89B-7FEB-45E5-9ED9-A62FD47AB733}"
EndProject
Project("{FAE04EC0-301F-11D3-BF4B-00C04F79EFBC}") = "Common.Logging.Log4Net1215.2010-net40", "src\Common.Logging.Log4Net1215\Common.Logging.Log4Net1215.2010-net40.csproj", "{280D71D5-3BF4-4420-B578-C2367567627E}"
EndProject
Project("{FAE04EC0-301F-11D3-BF4B-00C04F79EFBC}") = "Common.Logging.Log4Net1215.Tests.2010-net40", "test\Common.Logging.Log4Net1215.Tests\Common.Logging.Log4Net1215.Tests.2010-net40.csproj", "{57E811A6-D98D-4308-ADAE-0B61A06272AE}"
EndProject
Project("{FAE04EC0-301F-11D3-BF4B-00C04F79EFBC}") = "Common.Logging.Log4Net1215.Tests.Integration.2010-net40", "test\Common.Logging.Log4Net1215.Integration.Tests\Common.Logging.Log4Net1215.Tests.Integration.2010-net40.csproj", "{30CA2352-4681-41A8-BF41-71C7D18EFE59}"
EndProject
Project("{2150E333-8FDC-42A3-9474-1A3956D46DE8}") = "MultipleLogger", "MultipleLogger", "{9BA9A360-FD8A-480E-8916-7F6289AB3177}"
EndProject
Project("{FAE04EC0-301F-11D3-BF4B-00C04F79EFBC}") = "Common.Logging.MultipleLogger.2010-net40", "src\Common.Logging.MultipleLogger\Common.Logging.MultipleLogger.2010-net40.csproj", "{FBDBA010-0EC2-4834-83E0-74A24B17D09A}"
EndProject
Project("{FAE04EC0-301F-11D3-BF4B-00C04F79EFBC}") = "Common.Logging.MultipleLogger.Tests.2010-net40", "test\Common.Logging.MultipleLogger.Tests\Common.Logging.MultipleLogger.Tests.2010-net40.csproj", "{45CFBF3B-71B0-48C8-A921-1194040668CC}"
EndProject
Project("{2150E333-8FDC-42A3-9474-1A3956D46DE8}") = "ETWLogger", "ETWLogger", "{9A1E119A-EB79-4C34-AC05-3840D3F5C6D0}"
EndProject
Project("{FAE04EC0-301F-11D3-BF4B-00C04F79EFBC}") = "Common.Logging.ETWLogger.2010-net40", "src\Common.Logging.ETWLogger\Common.Logging.ETWLogger.2010-net40.csproj", "{0C801912-8AFE-47E4-BFF2-D861E688A300}"
EndProject
Project("{FAE04EC0-301F-11D3-BF4B-00C04F79EFBC}") = "Common.Logging.ETWLogger.Tests.2010-net40", "test\Common.Logging.ETWLogger.Tests\Common.Logging.ETWLogger.Tests.2010-net40.csproj", "{FAF6E2F6-55CB-4870-85C5-32F5505BD677}"
EndProject
Project("{2150E333-8FDC-42A3-9474-1A3956D46DE8}") = "NLog-4.4.4", "NLog-4.4.4", "{FBC6662D-E139-4008-A2BA-B22AD68182C4}"
EndProject
Project("{FAE04EC0-301F-11D3-BF4B-00C04F79EFBC}") = "Common.Logging.NLog444.2010-net40", "src\Common.Logging.NLog444\Common.Logging.NLog444.2010-net40.csproj", "{40DF67F5-65B3-4698-948D-82B1CF83890C}"
EndProject
Project("{FAE04EC0-301F-11D3-BF4B-00C04F79EFBC}") = "Common.Logging.NLog444.Tests.2010-net40", "test\Common.Logging.NLog444.Tests\Common.Logging.NLog444.Tests.2010-net40.csproj", "{B7D67E2A-4EAA-4779-BAB8-94EFE70E434D}"
EndProject
Project("{FAE04EC0-301F-11D3-BF4B-00C04F79EFBC}") = "Common.Logging.NLog444.Tests.Integration.2010-net40", "test\Common.Logging.NLog444.Integration.Tests\Common.Logging.NLog444.Tests.Integration.2010-net40.csproj", "{2516B282-86A8-4F76-AE15-0A8F00331FDB}"
EndProject
Project("{2150E333-8FDC-42A3-9474-1A3956D46DE8}") = "NLog-4.4.3", "NLog-4.4.3", "{E0A9C896-70FF-4DD5-8A2E-7683537FFAEC}"
EndProject
Project("{FAE04EC0-301F-11D3-BF4B-00C04F79EFBC}") = "Common.Logging.NLog443.2010-net40", "src\Common.Logging.NLog443\Common.Logging.NLog443.2010-net40.csproj", "{0C5BA605-454E-4C6D-B088-5973CE98FA34}"
EndProject
Project("{FAE04EC0-301F-11D3-BF4B-00C04F79EFBC}") = "Common.Logging.NLog443.Tests.Integration.2010-net40", "test\Common.Logging.NLog443.Integration.Tests\Common.Logging.NLog443.Tests.Integration.2010-net40.csproj", "{1D57BA2D-B6D1-4BE0-9731-8559FF642E88}"
EndProject
Project("{FAE04EC0-301F-11D3-BF4B-00C04F79EFBC}") = "Common.Logging.NLog443.Tests.2010-net40", "test\Common.Logging.NLog443.Tests\Common.Logging.NLog443.Tests.2010-net40.csproj", "{D0C49A76-6FB6-48C8-8EA9-ADF8D52985F6}"
EndProject
Project("{2150E333-8FDC-42A3-9474-1A3956D46DE8}") = "NLog-4.4.11", "NLog-4.4.11", "{941C76F2-F300-442B-BB2E-81423E3CCC3F}"
EndProject
Project("{FAE04EC0-301F-11D3-BF4B-00C04F79EFBC}") = "Common.Logging.NLog4411.2010-net40", "src\Common.Logging.NLog4411\Common.Logging.NLog4411.2010-net40.csproj", "{EF248164-247A-42FF-9687-0D49922C9959}"
EndProject
Project("{FAE04EC0-301F-11D3-BF4B-00C04F79EFBC}") = "Common.Logging.NLog4411.Tests.2010-net40", "test\Common.Logging.NLog4411.Tests\Common.Logging.NLog4411.Tests.2010-net40.csproj", "{87816DB0-B205-4349-A783-32360C02B558}"
EndProject
Project("{FAE04EC0-301F-11D3-BF4B-00C04F79EFBC}") = "Common.Logging.NLog4411.Tests.Integration.2010-net40", "test\Common.Logging.NLog4411.Integration.Tests\Common.Logging.NLog4411.Tests.Integration.2010-net40.csproj", "{2CDCCD56-CFC7-4EFC-990F-34248EF9A3E1}"
EndProject
Project("{2150E333-8FDC-42A3-9474-1A3956D46DE8}") = "Log4Net-2.0.8", "Log4Net-2.0.8", "{030AE8CC-C1E2-44CE-8825-51B3AB978343}"
EndProject
Project("{FAE04EC0-301F-11D3-BF4B-00C04F79EFBC}") = "Common.Logging.Log4Net208.2010-net40", "src\Common.Logging.Log4Net208\Common.Logging.Log4Net208.2010-net40.csproj", "{9E443037-619D-4D49-988A-D8D1F18F379A}"
EndProject
Project("{FAE04EC0-301F-11D3-BF4B-00C04F79EFBC}") = "Common.Logging.Log4Net208.Tests.Integration.2010-net40", "test\Common.Logging.Log4Net208.Integration.Tests\Common.Logging.Log4Net208.Tests.Integration.2010-net40.csproj", "{1FE974B8-8BAD-408F-82C2-07E329A22219}"
EndProject
Project("{FAE04EC0-301F-11D3-BF4B-00C04F79EFBC}") = "Common.Logging.Log4Net208.Tests.2010-net40", "test\Common.Logging.Log4Net208.Tests\Common.Logging.Log4Net208.Tests.2010-net40.csproj", "{AABB8CAA-00B3-436F-B440-35E5DAA72763}"
EndProject
Project("{2150E333-8FDC-42A3-9474-1A3956D46DE8}") = "Log4Net-2.0.6", "Log4Net-2.0.6", "{55DFEFF7-6D86-4784-99BD-0EA630D7B94C}"
EndProject
Project("{2150E333-8FDC-42A3-9474-1A3956D46DE8}") = "Log4Net-2.0.7", "Log4Net-2.0.7", "{A1244AE0-2ACF-467C-BBE0-A75DCB5902CF}"
EndProject
Project("{FAE04EC0-301F-11D3-BF4B-00C04F79EFBC}") = "Common.Logging.Log4Net206.2010-net40", "src\Common.Logging.Log4Net206\Common.Logging.Log4Net206.2010-net40.csproj", "{1BE1F566-2654-4C94-AAD8-48058BEC9787}"
EndProject
Project("{FAE04EC0-301F-11D3-BF4B-00C04F79EFBC}") = "Common.Logging.Log4Net206.Tests.2010-net40", "test\Common.Logging.Log4Net206.Tests\Common.Logging.Log4Net206.Tests.2010-net40.csproj", "{E1EF8F78-4FD2-4CD6-99BF-ACCC8A97D425}"
EndProject
Project("{FAE04EC0-301F-11D3-BF4B-00C04F79EFBC}") = "Common.Logging.Log4Net206.Tests.Integration.2010-net40", "test\Common.Logging.Log4Net206.Integration.Tests\Common.Logging.Log4Net206.Tests.Integration.2010-net40.csproj", "{8CEFD661-9E57-4829-A432-C34B363A2942}"
EndProject
Project("{FAE04EC0-301F-11D3-BF4B-00C04F79EFBC}") = "Common.Logging.Log4Net207.2010-net40", "src\Common.Logging.Log4Net207\Common.Logging.Log4Net207.2010-net40.csproj", "{21365945-4D99-4B73-ABBC-B90437B34AD4}"
EndProject
Project("{FAE04EC0-301F-11D3-BF4B-00C04F79EFBC}") = "Common.Logging.Log4Net207.Tests.2010-net40", "test\Common.Logging.Log4Net207.Tests\Common.Logging.Log4Net207.Tests.2010-net40.csproj", "{901D6795-F2A2-4884-837C-2EE74D2B01A5}"
EndProject
Project("{FAE04EC0-301F-11D3-BF4B-00C04F79EFBC}") = "Common.Logging.Log4Net207.Tests.Integration.2010-net40", "test\Common.Logging.Log4Net207.Integration.Tests\Common.Logging.Log4Net207.Tests.Integration.2010-net40.csproj", "{FF9DF745-B63D-42D5-B21D-9F6676DA8BDA}"
EndProject
Project("{2150E333-8FDC-42A3-9474-1A3956D46DE8}") = "NLog-4.4.12", "NLog-4.4.12", "{645E8182-EEAF-44AD-8DE2-5B15D2E1BD76}"
EndProject
Project("{FAE04EC0-301F-11D3-BF4B-00C04F79EFBC}") = "Common.Logging.NLog4412.2010-net40", "src\Common.Logging.NLog4412\Common.Logging.NLog4412.2010-net40.csproj", "{E9D93D91-F2C8-4037-A603-E3B2A6C06AFA}"
EndProject
Project("{FAE04EC0-301F-11D3-BF4B-00C04F79EFBC}") = "Common.Logging.NLog4412.Tests.2010-net40", "test\Common.Logging.NLog4412.Tests\Common.Logging.NLog4412.Tests.2010-net40.csproj", "{7D87085A-C95D-421B-BE22-27B24163AC0B}"
	ProjectSection(ProjectDependencies) = postProject
		{E9D93D91-F2C8-4037-A603-E3B2A6C06AFA} = {E9D93D91-F2C8-4037-A603-E3B2A6C06AFA}
	EndProjectSection
EndProject
Project("{FAE04EC0-301F-11D3-BF4B-00C04F79EFBC}") = "Common.Logging.NLog4412.Tests.Integration.2010-net40", "test\Common.Logging.NLog4412.Integration.Tests\Common.Logging.NLog4412.Tests.Integration.2010-net40.csproj", "{FD1B1313-BF7E-4EB7-910A-D8ABA9A33697}"
	ProjectSection(ProjectDependencies) = postProject
		{7D87085A-C95D-421B-BE22-27B24163AC0B} = {7D87085A-C95D-421B-BE22-27B24163AC0B}
		{E9D93D91-F2C8-4037-A603-E3B2A6C06AFA} = {E9D93D91-F2C8-4037-A603-E3B2A6C06AFA}
	EndProjectSection
EndProject
Global
	GlobalSection(SolutionConfigurationPlatforms) = preSolution
		Debug|Any CPU = Debug|Any CPU
		Release|Any CPU = Release|Any CPU
	EndGlobalSection
	GlobalSection(ProjectConfigurationPlatforms) = postSolution
		{A777809C-DB8B-4399-B6D4-8B1A4877A0AF}.Debug|Any CPU.ActiveCfg = Debug|Any CPU
		{A777809C-DB8B-4399-B6D4-8B1A4877A0AF}.Debug|Any CPU.Build.0 = Debug|Any CPU
		{A777809C-DB8B-4399-B6D4-8B1A4877A0AF}.Release|Any CPU.ActiveCfg = Release|Any CPU
		{A777809C-DB8B-4399-B6D4-8B1A4877A0AF}.Release|Any CPU.Build.0 = Release|Any CPU
		{440D903A-D409-48FC-A6C4-3EE69CCD663B}.Debug|Any CPU.ActiveCfg = Debug|Any CPU
		{440D903A-D409-48FC-A6C4-3EE69CCD663B}.Debug|Any CPU.Build.0 = Debug|Any CPU
		{440D903A-D409-48FC-A6C4-3EE69CCD663B}.Release|Any CPU.ActiveCfg = Release|Any CPU
		{440D903A-D409-48FC-A6C4-3EE69CCD663B}.Release|Any CPU.Build.0 = Release|Any CPU
		{C493B9F9-EB13-4D07-BBBD-A333DCF15164}.Debug|Any CPU.ActiveCfg = Debug|Any CPU
		{C493B9F9-EB13-4D07-BBBD-A333DCF15164}.Debug|Any CPU.Build.0 = Debug|Any CPU
		{C493B9F9-EB13-4D07-BBBD-A333DCF15164}.Release|Any CPU.ActiveCfg = Release|Any CPU
		{C493B9F9-EB13-4D07-BBBD-A333DCF15164}.Release|Any CPU.Build.0 = Release|Any CPU
		{F2C864F8-4BD9-431F-9810-70E377F95027}.Debug|Any CPU.ActiveCfg = Debug|Any CPU
		{F2C864F8-4BD9-431F-9810-70E377F95027}.Debug|Any CPU.Build.0 = Debug|Any CPU
		{F2C864F8-4BD9-431F-9810-70E377F95027}.Release|Any CPU.ActiveCfg = Release|Any CPU
		{F2C864F8-4BD9-431F-9810-70E377F95027}.Release|Any CPU.Build.0 = Release|Any CPU
		{0FEA262C-4EAF-49DB-8D32-8E90DDEF23B6}.Debug|Any CPU.ActiveCfg = Debug|Any CPU
		{0FEA262C-4EAF-49DB-8D32-8E90DDEF23B6}.Debug|Any CPU.Build.0 = Debug|Any CPU
		{0FEA262C-4EAF-49DB-8D32-8E90DDEF23B6}.Release|Any CPU.ActiveCfg = Release|Any CPU
		{0FEA262C-4EAF-49DB-8D32-8E90DDEF23B6}.Release|Any CPU.Build.0 = Release|Any CPU
		{A6A7257A-D1AE-4A09-8C1C-F55E099C8A8A}.Debug|Any CPU.ActiveCfg = Debug|Any CPU
		{A6A7257A-D1AE-4A09-8C1C-F55E099C8A8A}.Debug|Any CPU.Build.0 = Debug|Any CPU
		{A6A7257A-D1AE-4A09-8C1C-F55E099C8A8A}.Release|Any CPU.ActiveCfg = Release|Any CPU
		{A6A7257A-D1AE-4A09-8C1C-F55E099C8A8A}.Release|Any CPU.Build.0 = Release|Any CPU
		{94E4E1B4-D424-4EB9-BF34-2EE8CC3D7048}.Debug|Any CPU.ActiveCfg = Debug|Any CPU
		{94E4E1B4-D424-4EB9-BF34-2EE8CC3D7048}.Debug|Any CPU.Build.0 = Debug|Any CPU
		{94E4E1B4-D424-4EB9-BF34-2EE8CC3D7048}.Release|Any CPU.ActiveCfg = Release|Any CPU
		{94E4E1B4-D424-4EB9-BF34-2EE8CC3D7048}.Release|Any CPU.Build.0 = Release|Any CPU
		{3DFB4EAE-A2DD-43F1-ABA6-E28EB1C7DC67}.Debug|Any CPU.ActiveCfg = Debug|Any CPU
		{3DFB4EAE-A2DD-43F1-ABA6-E28EB1C7DC67}.Debug|Any CPU.Build.0 = Debug|Any CPU
		{3DFB4EAE-A2DD-43F1-ABA6-E28EB1C7DC67}.Release|Any CPU.ActiveCfg = Release|Any CPU
		{3DFB4EAE-A2DD-43F1-ABA6-E28EB1C7DC67}.Release|Any CPU.Build.0 = Release|Any CPU
		{74434B76-0465-45E6-8262-1745638E19D8}.Debug|Any CPU.ActiveCfg = Debug|Any CPU
		{74434B76-0465-45E6-8262-1745638E19D8}.Debug|Any CPU.Build.0 = Debug|Any CPU
		{74434B76-0465-45E6-8262-1745638E19D8}.Release|Any CPU.ActiveCfg = Release|Any CPU
		{74434B76-0465-45E6-8262-1745638E19D8}.Release|Any CPU.Build.0 = Release|Any CPU
		{63F2C13B-4377-4BAA-9104-5BEA389A4621}.Debug|Any CPU.ActiveCfg = Debug|Any CPU
		{63F2C13B-4377-4BAA-9104-5BEA389A4621}.Debug|Any CPU.Build.0 = Debug|Any CPU
		{63F2C13B-4377-4BAA-9104-5BEA389A4621}.Release|Any CPU.ActiveCfg = Release|Any CPU
		{63F2C13B-4377-4BAA-9104-5BEA389A4621}.Release|Any CPU.Build.0 = Release|Any CPU
		{B7DF833E-8260-40CC-9384-7CF747E30B12}.Debug|Any CPU.ActiveCfg = Debug|Any CPU
		{B7DF833E-8260-40CC-9384-7CF747E30B12}.Debug|Any CPU.Build.0 = Debug|Any CPU
		{B7DF833E-8260-40CC-9384-7CF747E30B12}.Release|Any CPU.ActiveCfg = Release|Any CPU
		{B7DF833E-8260-40CC-9384-7CF747E30B12}.Release|Any CPU.Build.0 = Release|Any CPU
		{E641F51F-1B51-4B94-B419-F902EABCE4D5}.Debug|Any CPU.ActiveCfg = Debug|Any CPU
		{E641F51F-1B51-4B94-B419-F902EABCE4D5}.Debug|Any CPU.Build.0 = Debug|Any CPU
		{E641F51F-1B51-4B94-B419-F902EABCE4D5}.Release|Any CPU.ActiveCfg = Release|Any CPU
		{E641F51F-1B51-4B94-B419-F902EABCE4D5}.Release|Any CPU.Build.0 = Release|Any CPU
		{E641F51F-1B51-4B94-B419-F902EABCE4D4}.Debug|Any CPU.ActiveCfg = Debug|Any CPU
		{E641F51F-1B51-4B94-B419-F902EABCE4D4}.Debug|Any CPU.Build.0 = Debug|Any CPU
		{E641F51F-1B51-4B94-B419-F902EABCE4D4}.Release|Any CPU.ActiveCfg = Release|Any CPU
		{E641F51F-1B51-4B94-B419-F902EABCE4D4}.Release|Any CPU.Build.0 = Release|Any CPU
		{8FBECEDA-78A0-4429-B791-B9219ED49B36}.Debug|Any CPU.ActiveCfg = Debug|Any CPU
		{8FBECEDA-78A0-4429-B791-B9219ED49B36}.Debug|Any CPU.Build.0 = Debug|Any CPU
		{8FBECEDA-78A0-4429-B791-B9219ED49B36}.Release|Any CPU.ActiveCfg = Release|Any CPU
		{8FBECEDA-78A0-4429-B791-B9219ED49B36}.Release|Any CPU.Build.0 = Release|Any CPU
		{F7D4B5FA-16FC-4C8A-97B4-FCD391ADE0AF}.Debug|Any CPU.ActiveCfg = Debug|Any CPU
		{F7D4B5FA-16FC-4C8A-97B4-FCD391ADE0AF}.Debug|Any CPU.Build.0 = Debug|Any CPU
		{F7D4B5FA-16FC-4C8A-97B4-FCD391ADE0AF}.Release|Any CPU.ActiveCfg = Release|Any CPU
		{F7D4B5FA-16FC-4C8A-97B4-FCD391ADE0AF}.Release|Any CPU.Build.0 = Release|Any CPU
		{EDA14ED0-E442-4FBD-9FD6-E6F9732500A0}.Debug|Any CPU.ActiveCfg = Debug|Any CPU
		{EDA14ED0-E442-4FBD-9FD6-E6F9732500A0}.Debug|Any CPU.Build.0 = Debug|Any CPU
		{EDA14ED0-E442-4FBD-9FD6-E6F9732500A0}.Release|Any CPU.ActiveCfg = Release|Any CPU
		{EDA14ED0-E442-4FBD-9FD6-E6F9732500A0}.Release|Any CPU.Build.0 = Release|Any CPU
		{F8F786C4-6B20-4E71-9693-6BF367ED6AA1}.Debug|Any CPU.ActiveCfg = Debug|Any CPU
		{F8F786C4-6B20-4E71-9693-6BF367ED6AA1}.Debug|Any CPU.Build.0 = Debug|Any CPU
		{F8F786C4-6B20-4E71-9693-6BF367ED6AA1}.Release|Any CPU.ActiveCfg = Release|Any CPU
		{F8F786C4-6B20-4E71-9693-6BF367ED6AA1}.Release|Any CPU.Build.0 = Release|Any CPU
		{E641F51F-1B51-4B94-B419-A902EABCE4D4}.Debug|Any CPU.ActiveCfg = Debug|Any CPU
		{E641F51F-1B51-4B94-B419-A902EABCE4D4}.Debug|Any CPU.Build.0 = Debug|Any CPU
		{E641F51F-1B51-4B94-B419-A902EABCE4D4}.Release|Any CPU.ActiveCfg = Release|Any CPU
		{E641F51F-1B51-4B94-B419-A902EABCE4D4}.Release|Any CPU.Build.0 = Release|Any CPU
		{F5193CD8-B431-48ED-B101-D8DBEF766140}.Debug|Any CPU.ActiveCfg = Debug|Any CPU
		{F5193CD8-B431-48ED-B101-D8DBEF766140}.Debug|Any CPU.Build.0 = Debug|Any CPU
		{F5193CD8-B431-48ED-B101-D8DBEF766140}.Release|Any CPU.ActiveCfg = Release|Any CPU
		{F5193CD8-B431-48ED-B101-D8DBEF766140}.Release|Any CPU.Build.0 = Release|Any CPU
		{2756B5D0-B576-417F-A107-1695DF76D34A}.Debug|Any CPU.ActiveCfg = Debug|Any CPU
		{2756B5D0-B576-417F-A107-1695DF76D34A}.Debug|Any CPU.Build.0 = Debug|Any CPU
		{2756B5D0-B576-417F-A107-1695DF76D34A}.Release|Any CPU.ActiveCfg = Release|Any CPU
		{2756B5D0-B576-417F-A107-1695DF76D34A}.Release|Any CPU.Build.0 = Release|Any CPU
		{C1C5EA00-6553-4C57-B9BC-39B116021715}.Debug|Any CPU.ActiveCfg = Debug|Any CPU
		{C1C5EA00-6553-4C57-B9BC-39B116021715}.Debug|Any CPU.Build.0 = Debug|Any CPU
		{C1C5EA00-6553-4C57-B9BC-39B116021715}.Release|Any CPU.ActiveCfg = Release|Any CPU
		{C1C5EA00-6553-4C57-B9BC-39B116021715}.Release|Any CPU.Build.0 = Release|Any CPU
		{AA8A77A4-143E-4BD5-B188-7133C65E5050}.Debug|Any CPU.ActiveCfg = Debug|Any CPU
		{AA8A77A4-143E-4BD5-B188-7133C65E5050}.Debug|Any CPU.Build.0 = Debug|Any CPU
		{AA8A77A4-143E-4BD5-B188-7133C65E5050}.Release|Any CPU.ActiveCfg = Release|Any CPU
		{AA8A77A4-143E-4BD5-B188-7133C65E5050}.Release|Any CPU.Build.0 = Release|Any CPU
		{8E5D50C8-85AC-41EA-AA26-2667494D4FAF}.Debug|Any CPU.ActiveCfg = Debug|Any CPU
		{8E5D50C8-85AC-41EA-AA26-2667494D4FAF}.Debug|Any CPU.Build.0 = Debug|Any CPU
		{8E5D50C8-85AC-41EA-AA26-2667494D4FAF}.Release|Any CPU.ActiveCfg = Release|Any CPU
		{8E5D50C8-85AC-41EA-AA26-2667494D4FAF}.Release|Any CPU.Build.0 = Release|Any CPU
		{9FD3F78B-90B7-47DC-B4B5-05EBF2267227}.Debug|Any CPU.ActiveCfg = Debug|Any CPU
		{9FD3F78B-90B7-47DC-B4B5-05EBF2267227}.Debug|Any CPU.Build.0 = Debug|Any CPU
		{9FD3F78B-90B7-47DC-B4B5-05EBF2267227}.Release|Any CPU.ActiveCfg = Release|Any CPU
		{9FD3F78B-90B7-47DC-B4B5-05EBF2267227}.Release|Any CPU.Build.0 = Release|Any CPU
		{4520C7E5-2532-4AC5-9CE8-0CDDADF006CB}.Debug|Any CPU.ActiveCfg = Debug|Any CPU
		{4520C7E5-2532-4AC5-9CE8-0CDDADF006CB}.Debug|Any CPU.Build.0 = Debug|Any CPU
		{4520C7E5-2532-4AC5-9CE8-0CDDADF006CB}.Release|Any CPU.ActiveCfg = Release|Any CPU
		{4520C7E5-2532-4AC5-9CE8-0CDDADF006CB}.Release|Any CPU.Build.0 = Release|Any CPU
		{AC34A9CF-F893-4D1F-99C3-9B703CE6A035}.Debug|Any CPU.ActiveCfg = Debug|Any CPU
		{AC34A9CF-F893-4D1F-99C3-9B703CE6A035}.Debug|Any CPU.Build.0 = Debug|Any CPU
		{AC34A9CF-F893-4D1F-99C3-9B703CE6A035}.Release|Any CPU.ActiveCfg = Release|Any CPU
		{AC34A9CF-F893-4D1F-99C3-9B703CE6A035}.Release|Any CPU.Build.0 = Release|Any CPU
		{45AFA285-AB51-450E-8C56-C1D41B17FD00}.Debug|Any CPU.ActiveCfg = Debug|Any CPU
		{45AFA285-AB51-450E-8C56-C1D41B17FD00}.Debug|Any CPU.Build.0 = Debug|Any CPU
		{45AFA285-AB51-450E-8C56-C1D41B17FD00}.Release|Any CPU.ActiveCfg = Release|Any CPU
		{45AFA285-AB51-450E-8C56-C1D41B17FD00}.Release|Any CPU.Build.0 = Release|Any CPU
		{21CAAB7F-6775-4277-AEFB-6A1A3799C0E6}.Debug|Any CPU.ActiveCfg = Debug|Any CPU
		{21CAAB7F-6775-4277-AEFB-6A1A3799C0E6}.Debug|Any CPU.Build.0 = Debug|Any CPU
		{21CAAB7F-6775-4277-AEFB-6A1A3799C0E6}.Release|Any CPU.ActiveCfg = Release|Any CPU
		{21CAAB7F-6775-4277-AEFB-6A1A3799C0E6}.Release|Any CPU.Build.0 = Release|Any CPU
		{B4BB1353-924A-40F0-9AA5-A7C28AB68F69}.Debug|Any CPU.ActiveCfg = Debug|Any CPU
		{B4BB1353-924A-40F0-9AA5-A7C28AB68F69}.Debug|Any CPU.Build.0 = Debug|Any CPU
		{B4BB1353-924A-40F0-9AA5-A7C28AB68F69}.Release|Any CPU.ActiveCfg = Release|Any CPU
		{B4BB1353-924A-40F0-9AA5-A7C28AB68F69}.Release|Any CPU.Build.0 = Release|Any CPU
		{EE5CA38F-3F29-43E1-B385-03798EDDC765}.Debug|Any CPU.ActiveCfg = Debug|Any CPU
		{EE5CA38F-3F29-43E1-B385-03798EDDC765}.Debug|Any CPU.Build.0 = Debug|Any CPU
		{EE5CA38F-3F29-43E1-B385-03798EDDC765}.Release|Any CPU.ActiveCfg = Release|Any CPU
		{EE5CA38F-3F29-43E1-B385-03798EDDC765}.Release|Any CPU.Build.0 = Release|Any CPU
		{C3FAAF50-CA05-42A5-9616-B48C21643D03}.Debug|Any CPU.ActiveCfg = Debug|Any CPU
		{C3FAAF50-CA05-42A5-9616-B48C21643D03}.Debug|Any CPU.Build.0 = Debug|Any CPU
		{C3FAAF50-CA05-42A5-9616-B48C21643D03}.Release|Any CPU.ActiveCfg = Release|Any CPU
		{C3FAAF50-CA05-42A5-9616-B48C21643D03}.Release|Any CPU.Build.0 = Release|Any CPU
		{C185F156-BEFC-44A0-8F25-065558AEDB6A}.Debug|Any CPU.ActiveCfg = Debug|Any CPU
		{C185F156-BEFC-44A0-8F25-065558AEDB6A}.Debug|Any CPU.Build.0 = Debug|Any CPU
		{C185F156-BEFC-44A0-8F25-065558AEDB6A}.Release|Any CPU.ActiveCfg = Release|Any CPU
		{C185F156-BEFC-44A0-8F25-065558AEDB6A}.Release|Any CPU.Build.0 = Release|Any CPU
		{0CC4A267-C8CE-4E40-A9C8-82B55B8D983A}.Debug|Any CPU.ActiveCfg = Debug|Any CPU
		{0CC4A267-C8CE-4E40-A9C8-82B55B8D983A}.Debug|Any CPU.Build.0 = Debug|Any CPU
		{0CC4A267-C8CE-4E40-A9C8-82B55B8D983A}.Release|Any CPU.ActiveCfg = Release|Any CPU
		{0CC4A267-C8CE-4E40-A9C8-82B55B8D983A}.Release|Any CPU.Build.0 = Release|Any CPU
		{1EF3D7BE-BA9D-4D32-924D-3A58C48CBC28}.Debug|Any CPU.ActiveCfg = Debug|Any CPU
		{1EF3D7BE-BA9D-4D32-924D-3A58C48CBC28}.Debug|Any CPU.Build.0 = Debug|Any CPU
		{1EF3D7BE-BA9D-4D32-924D-3A58C48CBC28}.Release|Any CPU.ActiveCfg = Release|Any CPU
		{1EF3D7BE-BA9D-4D32-924D-3A58C48CBC28}.Release|Any CPU.Build.0 = Release|Any CPU
		{FA1252A4-90A9-4B29-AE2D-716BA2C9EF4C}.Debug|Any CPU.ActiveCfg = Debug|Any CPU
		{FA1252A4-90A9-4B29-AE2D-716BA2C9EF4C}.Debug|Any CPU.Build.0 = Debug|Any CPU
		{FA1252A4-90A9-4B29-AE2D-716BA2C9EF4C}.Release|Any CPU.ActiveCfg = Release|Any CPU
		{FA1252A4-90A9-4B29-AE2D-716BA2C9EF4C}.Release|Any CPU.Build.0 = Release|Any CPU
		{FE89FAD0-EB54-4F30-9449-6091621AFA8F}.Debug|Any CPU.ActiveCfg = Debug|Any CPU
		{FE89FAD0-EB54-4F30-9449-6091621AFA8F}.Debug|Any CPU.Build.0 = Debug|Any CPU
		{FE89FAD0-EB54-4F30-9449-6091621AFA8F}.Release|Any CPU.ActiveCfg = Release|Any CPU
		{FE89FAD0-EB54-4F30-9449-6091621AFA8F}.Release|Any CPU.Build.0 = Release|Any CPU
		{8B40D8CE-A70D-4C4C-AE3B-90819E3EF3C9}.Debug|Any CPU.ActiveCfg = Debug|Any CPU
		{8B40D8CE-A70D-4C4C-AE3B-90819E3EF3C9}.Debug|Any CPU.Build.0 = Debug|Any CPU
		{8B40D8CE-A70D-4C4C-AE3B-90819E3EF3C9}.Release|Any CPU.ActiveCfg = Release|Any CPU
		{8B40D8CE-A70D-4C4C-AE3B-90819E3EF3C9}.Release|Any CPU.Build.0 = Release|Any CPU
		{2348477B-0F62-41A5-9DD3-786C76EDB0F7}.Debug|Any CPU.ActiveCfg = Debug|Any CPU
		{2348477B-0F62-41A5-9DD3-786C76EDB0F7}.Debug|Any CPU.Build.0 = Debug|Any CPU
		{2348477B-0F62-41A5-9DD3-786C76EDB0F7}.Release|Any CPU.ActiveCfg = Release|Any CPU
		{2348477B-0F62-41A5-9DD3-786C76EDB0F7}.Release|Any CPU.Build.0 = Release|Any CPU
		{6A4B2532-4790-4283-B014-4BA058D76C18}.Debug|Any CPU.ActiveCfg = Debug|Any CPU
		{6A4B2532-4790-4283-B014-4BA058D76C18}.Debug|Any CPU.Build.0 = Debug|Any CPU
		{6A4B2532-4790-4283-B014-4BA058D76C18}.Release|Any CPU.ActiveCfg = Release|Any CPU
		{6A4B2532-4790-4283-B014-4BA058D76C18}.Release|Any CPU.Build.0 = Release|Any CPU
		{40D3A2FB-6C6E-4277-B698-54ECD88B3E40}.Debug|Any CPU.ActiveCfg = Debug|Any CPU
		{40D3A2FB-6C6E-4277-B698-54ECD88B3E40}.Debug|Any CPU.Build.0 = Debug|Any CPU
		{40D3A2FB-6C6E-4277-B698-54ECD88B3E40}.Release|Any CPU.ActiveCfg = Release|Any CPU
		{40D3A2FB-6C6E-4277-B698-54ECD88B3E40}.Release|Any CPU.Build.0 = Release|Any CPU
		{7D1C58D6-9E5D-47E2-A8D0-59A1AB707CC2}.Debug|Any CPU.ActiveCfg = Debug|Any CPU
		{7D1C58D6-9E5D-47E2-A8D0-59A1AB707CC2}.Debug|Any CPU.Build.0 = Debug|Any CPU
		{7D1C58D6-9E5D-47E2-A8D0-59A1AB707CC2}.Release|Any CPU.ActiveCfg = Release|Any CPU
		{7D1C58D6-9E5D-47E2-A8D0-59A1AB707CC2}.Release|Any CPU.Build.0 = Release|Any CPU
		{0C674706-2B0B-40E1-88D6-75ECE60A5712}.Debug|Any CPU.ActiveCfg = Debug|Any CPU
		{0C674706-2B0B-40E1-88D6-75ECE60A5712}.Debug|Any CPU.Build.0 = Debug|Any CPU
		{0C674706-2B0B-40E1-88D6-75ECE60A5712}.Release|Any CPU.ActiveCfg = Release|Any CPU
		{0C674706-2B0B-40E1-88D6-75ECE60A5712}.Release|Any CPU.Build.0 = Release|Any CPU
		{1BFC3F87-48AC-4422-8134-369021A04651}.Debug|Any CPU.ActiveCfg = Debug|Any CPU
		{1BFC3F87-48AC-4422-8134-369021A04651}.Debug|Any CPU.Build.0 = Debug|Any CPU
		{1BFC3F87-48AC-4422-8134-369021A04651}.Release|Any CPU.ActiveCfg = Release|Any CPU
		{1BFC3F87-48AC-4422-8134-369021A04651}.Release|Any CPU.Build.0 = Release|Any CPU
		{1535CA93-2F78-4A31-BAE2-E12FE536C7D0}.Debug|Any CPU.ActiveCfg = Debug|Any CPU
		{1535CA93-2F78-4A31-BAE2-E12FE536C7D0}.Debug|Any CPU.Build.0 = Debug|Any CPU
		{1535CA93-2F78-4A31-BAE2-E12FE536C7D0}.Release|Any CPU.ActiveCfg = Release|Any CPU
		{1535CA93-2F78-4A31-BAE2-E12FE536C7D0}.Release|Any CPU.Build.0 = Release|Any CPU
		{5535B317-1EFA-4128-AAEB-235354E58299}.Debug|Any CPU.ActiveCfg = Debug|Any CPU
		{5535B317-1EFA-4128-AAEB-235354E58299}.Debug|Any CPU.Build.0 = Debug|Any CPU
		{5535B317-1EFA-4128-AAEB-235354E58299}.Release|Any CPU.ActiveCfg = Release|Any CPU
		{5535B317-1EFA-4128-AAEB-235354E58299}.Release|Any CPU.Build.0 = Release|Any CPU
		{ECEDA5D3-211D-4DCC-A7B4-AA2FB7569C68}.Debug|Any CPU.ActiveCfg = Debug|Any CPU
		{ECEDA5D3-211D-4DCC-A7B4-AA2FB7569C68}.Debug|Any CPU.Build.0 = Debug|Any CPU
		{ECEDA5D3-211D-4DCC-A7B4-AA2FB7569C68}.Release|Any CPU.ActiveCfg = Release|Any CPU
		{ECEDA5D3-211D-4DCC-A7B4-AA2FB7569C68}.Release|Any CPU.Build.0 = Release|Any CPU
		{2B33D4E2-1F60-4DA6-9B60-424E4359FF74}.Debug|Any CPU.ActiveCfg = Debug|Any CPU
		{2B33D4E2-1F60-4DA6-9B60-424E4359FF74}.Debug|Any CPU.Build.0 = Debug|Any CPU
		{2B33D4E2-1F60-4DA6-9B60-424E4359FF74}.Release|Any CPU.ActiveCfg = Release|Any CPU
		{2B33D4E2-1F60-4DA6-9B60-424E4359FF74}.Release|Any CPU.Build.0 = Release|Any CPU
		{E215F828-468E-45B3-8483-245DB607354A}.Debug|Any CPU.ActiveCfg = Debug|Any CPU
		{E215F828-468E-45B3-8483-245DB607354A}.Debug|Any CPU.Build.0 = Debug|Any CPU
		{E215F828-468E-45B3-8483-245DB607354A}.Release|Any CPU.ActiveCfg = Release|Any CPU
		{E215F828-468E-45B3-8483-245DB607354A}.Release|Any CPU.Build.0 = Release|Any CPU
		{7EEB2191-B3FC-4509-AA4B-A345C386EEED}.Debug|Any CPU.ActiveCfg = Debug|Any CPU
		{7EEB2191-B3FC-4509-AA4B-A345C386EEED}.Debug|Any CPU.Build.0 = Debug|Any CPU
		{7EEB2191-B3FC-4509-AA4B-A345C386EEED}.Release|Any CPU.ActiveCfg = Release|Any CPU
		{7EEB2191-B3FC-4509-AA4B-A345C386EEED}.Release|Any CPU.Build.0 = Release|Any CPU
		{74CE8CDA-60B4-4BC6-A521-5B44B7A6E5A5}.Debug|Any CPU.ActiveCfg = Debug|Any CPU
		{74CE8CDA-60B4-4BC6-A521-5B44B7A6E5A5}.Debug|Any CPU.Build.0 = Debug|Any CPU
		{74CE8CDA-60B4-4BC6-A521-5B44B7A6E5A5}.Release|Any CPU.ActiveCfg = Release|Any CPU
		{74CE8CDA-60B4-4BC6-A521-5B44B7A6E5A5}.Release|Any CPU.Build.0 = Release|Any CPU
		{33BE0554-42E6-46B5-A340-0A12DA3755DB}.Debug|Any CPU.ActiveCfg = Debug|Any CPU
		{33BE0554-42E6-46B5-A340-0A12DA3755DB}.Debug|Any CPU.Build.0 = Debug|Any CPU
		{33BE0554-42E6-46B5-A340-0A12DA3755DB}.Release|Any CPU.ActiveCfg = Release|Any CPU
		{33BE0554-42E6-46B5-A340-0A12DA3755DB}.Release|Any CPU.Build.0 = Release|Any CPU
		{5DD06B8D-BF33-488A-8D51-D9568B41FCF7}.Debug|Any CPU.ActiveCfg = Debug|Any CPU
		{5DD06B8D-BF33-488A-8D51-D9568B41FCF7}.Debug|Any CPU.Build.0 = Debug|Any CPU
		{5DD06B8D-BF33-488A-8D51-D9568B41FCF7}.Release|Any CPU.ActiveCfg = Release|Any CPU
		{5DD06B8D-BF33-488A-8D51-D9568B41FCF7}.Release|Any CPU.Build.0 = Release|Any CPU
		{81E3FC72-5F94-4169-B44D-8F470382B931}.Debug|Any CPU.ActiveCfg = Debug|Any CPU
		{81E3FC72-5F94-4169-B44D-8F470382B931}.Debug|Any CPU.Build.0 = Debug|Any CPU
		{81E3FC72-5F94-4169-B44D-8F470382B931}.Release|Any CPU.ActiveCfg = Release|Any CPU
		{81E3FC72-5F94-4169-B44D-8F470382B931}.Release|Any CPU.Build.0 = Release|Any CPU
		{88808830-F9BE-476B-9F1C-F6E0FFCD4312}.Debug|Any CPU.ActiveCfg = Debug|Any CPU
		{88808830-F9BE-476B-9F1C-F6E0FFCD4312}.Debug|Any CPU.Build.0 = Debug|Any CPU
		{88808830-F9BE-476B-9F1C-F6E0FFCD4312}.Release|Any CPU.ActiveCfg = Release|Any CPU
		{88808830-F9BE-476B-9F1C-F6E0FFCD4312}.Release|Any CPU.Build.0 = Release|Any CPU
		{8D5E6A4E-3775-457B-9BE2-A46D0F8CB4A8}.Debug|Any CPU.ActiveCfg = Debug|Any CPU
		{8D5E6A4E-3775-457B-9BE2-A46D0F8CB4A8}.Debug|Any CPU.Build.0 = Debug|Any CPU
		{8D5E6A4E-3775-457B-9BE2-A46D0F8CB4A8}.Release|Any CPU.ActiveCfg = Release|Any CPU
		{8D5E6A4E-3775-457B-9BE2-A46D0F8CB4A8}.Release|Any CPU.Build.0 = Release|Any CPU
		{61B1C951-AD48-4398-8DDC-DE5F28378F3B}.Debug|Any CPU.ActiveCfg = Debug|Any CPU
		{61B1C951-AD48-4398-8DDC-DE5F28378F3B}.Debug|Any CPU.Build.0 = Debug|Any CPU
		{61B1C951-AD48-4398-8DDC-DE5F28378F3B}.Release|Any CPU.ActiveCfg = Release|Any CPU
		{61B1C951-AD48-4398-8DDC-DE5F28378F3B}.Release|Any CPU.Build.0 = Release|Any CPU
		{6BB8A4AF-8B42-4812-BFD3-3E392816CAE9}.Debug|Any CPU.ActiveCfg = Debug|Any CPU
		{6BB8A4AF-8B42-4812-BFD3-3E392816CAE9}.Debug|Any CPU.Build.0 = Debug|Any CPU
		{6BB8A4AF-8B42-4812-BFD3-3E392816CAE9}.Release|Any CPU.ActiveCfg = Release|Any CPU
		{6BB8A4AF-8B42-4812-BFD3-3E392816CAE9}.Release|Any CPU.Build.0 = Release|Any CPU
		{BBF526E6-1DA3-479E-AC22-A9C45C95CC4A}.Debug|Any CPU.ActiveCfg = Debug|Any CPU
		{BBF526E6-1DA3-479E-AC22-A9C45C95CC4A}.Debug|Any CPU.Build.0 = Debug|Any CPU
		{BBF526E6-1DA3-479E-AC22-A9C45C95CC4A}.Release|Any CPU.ActiveCfg = Release|Any CPU
		{BBF526E6-1DA3-479E-AC22-A9C45C95CC4A}.Release|Any CPU.Build.0 = Release|Any CPU
		{3175D550-BF85-40E4-93DA-CC705159D98F}.Debug|Any CPU.ActiveCfg = Debug|Any CPU
		{3175D550-BF85-40E4-93DA-CC705159D98F}.Debug|Any CPU.Build.0 = Debug|Any CPU
		{3175D550-BF85-40E4-93DA-CC705159D98F}.Release|Any CPU.ActiveCfg = Release|Any CPU
		{3175D550-BF85-40E4-93DA-CC705159D98F}.Release|Any CPU.Build.0 = Release|Any CPU
		{C7978911-3A16-4D0E-9F00-7CA0D6D80B42}.Debug|Any CPU.ActiveCfg = Debug|Any CPU
		{C7978911-3A16-4D0E-9F00-7CA0D6D80B42}.Debug|Any CPU.Build.0 = Debug|Any CPU
		{C7978911-3A16-4D0E-9F00-7CA0D6D80B42}.Release|Any CPU.ActiveCfg = Release|Any CPU
		{C7978911-3A16-4D0E-9F00-7CA0D6D80B42}.Release|Any CPU.Build.0 = Release|Any CPU
		{280D71D5-3BF4-4420-B578-C2367567627E}.Debug|Any CPU.ActiveCfg = Debug|Any CPU
		{280D71D5-3BF4-4420-B578-C2367567627E}.Debug|Any CPU.Build.0 = Debug|Any CPU
		{280D71D5-3BF4-4420-B578-C2367567627E}.Release|Any CPU.ActiveCfg = Release|Any CPU
		{280D71D5-3BF4-4420-B578-C2367567627E}.Release|Any CPU.Build.0 = Release|Any CPU
		{57E811A6-D98D-4308-ADAE-0B61A06272AE}.Debug|Any CPU.ActiveCfg = Debug|Any CPU
		{57E811A6-D98D-4308-ADAE-0B61A06272AE}.Debug|Any CPU.Build.0 = Debug|Any CPU
		{57E811A6-D98D-4308-ADAE-0B61A06272AE}.Release|Any CPU.ActiveCfg = Release|Any CPU
		{57E811A6-D98D-4308-ADAE-0B61A06272AE}.Release|Any CPU.Build.0 = Release|Any CPU
		{30CA2352-4681-41A8-BF41-71C7D18EFE59}.Debug|Any CPU.ActiveCfg = Debug|Any CPU
		{30CA2352-4681-41A8-BF41-71C7D18EFE59}.Debug|Any CPU.Build.0 = Debug|Any CPU
		{30CA2352-4681-41A8-BF41-71C7D18EFE59}.Release|Any CPU.ActiveCfg = Release|Any CPU
		{30CA2352-4681-41A8-BF41-71C7D18EFE59}.Release|Any CPU.Build.0 = Release|Any CPU
		{FBDBA010-0EC2-4834-83E0-74A24B17D09A}.Debug|Any CPU.ActiveCfg = Debug|Any CPU
		{FBDBA010-0EC2-4834-83E0-74A24B17D09A}.Debug|Any CPU.Build.0 = Debug|Any CPU
		{FBDBA010-0EC2-4834-83E0-74A24B17D09A}.Release|Any CPU.ActiveCfg = Release|Any CPU
		{FBDBA010-0EC2-4834-83E0-74A24B17D09A}.Release|Any CPU.Build.0 = Release|Any CPU
		{45CFBF3B-71B0-48C8-A921-1194040668CC}.Debug|Any CPU.ActiveCfg = Debug|Any CPU
		{45CFBF3B-71B0-48C8-A921-1194040668CC}.Debug|Any CPU.Build.0 = Debug|Any CPU
		{45CFBF3B-71B0-48C8-A921-1194040668CC}.Release|Any CPU.ActiveCfg = Release|Any CPU
		{45CFBF3B-71B0-48C8-A921-1194040668CC}.Release|Any CPU.Build.0 = Release|Any CPU
		{0C801912-8AFE-47E4-BFF2-D861E688A300}.Debug|Any CPU.ActiveCfg = Debug|Any CPU
		{0C801912-8AFE-47E4-BFF2-D861E688A300}.Debug|Any CPU.Build.0 = Debug|Any CPU
		{0C801912-8AFE-47E4-BFF2-D861E688A300}.Release|Any CPU.ActiveCfg = Release|Any CPU
		{0C801912-8AFE-47E4-BFF2-D861E688A300}.Release|Any CPU.Build.0 = Release|Any CPU
		{FAF6E2F6-55CB-4870-85C5-32F5505BD677}.Debug|Any CPU.ActiveCfg = Debug|Any CPU
		{FAF6E2F6-55CB-4870-85C5-32F5505BD677}.Debug|Any CPU.Build.0 = Debug|Any CPU
		{FAF6E2F6-55CB-4870-85C5-32F5505BD677}.Release|Any CPU.ActiveCfg = Release|Any CPU
		{FAF6E2F6-55CB-4870-85C5-32F5505BD677}.Release|Any CPU.Build.0 = Release|Any CPU
		{40DF67F5-65B3-4698-948D-82B1CF83890C}.Debug|Any CPU.ActiveCfg = Debug|Any CPU
		{40DF67F5-65B3-4698-948D-82B1CF83890C}.Debug|Any CPU.Build.0 = Debug|Any CPU
		{40DF67F5-65B3-4698-948D-82B1CF83890C}.Release|Any CPU.ActiveCfg = Release|Any CPU
		{40DF67F5-65B3-4698-948D-82B1CF83890C}.Release|Any CPU.Build.0 = Release|Any CPU
		{B7D67E2A-4EAA-4779-BAB8-94EFE70E434D}.Debug|Any CPU.ActiveCfg = Debug|Any CPU
		{B7D67E2A-4EAA-4779-BAB8-94EFE70E434D}.Debug|Any CPU.Build.0 = Debug|Any CPU
		{B7D67E2A-4EAA-4779-BAB8-94EFE70E434D}.Release|Any CPU.ActiveCfg = Release|Any CPU
		{B7D67E2A-4EAA-4779-BAB8-94EFE70E434D}.Release|Any CPU.Build.0 = Release|Any CPU
		{2516B282-86A8-4F76-AE15-0A8F00331FDB}.Debug|Any CPU.ActiveCfg = Debug|Any CPU
		{2516B282-86A8-4F76-AE15-0A8F00331FDB}.Debug|Any CPU.Build.0 = Debug|Any CPU
		{2516B282-86A8-4F76-AE15-0A8F00331FDB}.Release|Any CPU.ActiveCfg = Release|Any CPU
		{2516B282-86A8-4F76-AE15-0A8F00331FDB}.Release|Any CPU.Build.0 = Release|Any CPU
		{0C5BA605-454E-4C6D-B088-5973CE98FA34}.Debug|Any CPU.ActiveCfg = Debug|Any CPU
		{0C5BA605-454E-4C6D-B088-5973CE98FA34}.Debug|Any CPU.Build.0 = Debug|Any CPU
		{0C5BA605-454E-4C6D-B088-5973CE98FA34}.Release|Any CPU.ActiveCfg = Release|Any CPU
		{0C5BA605-454E-4C6D-B088-5973CE98FA34}.Release|Any CPU.Build.0 = Release|Any CPU
		{1D57BA2D-B6D1-4BE0-9731-8559FF642E88}.Debug|Any CPU.ActiveCfg = Debug|Any CPU
		{1D57BA2D-B6D1-4BE0-9731-8559FF642E88}.Debug|Any CPU.Build.0 = Debug|Any CPU
		{1D57BA2D-B6D1-4BE0-9731-8559FF642E88}.Release|Any CPU.ActiveCfg = Release|Any CPU
		{1D57BA2D-B6D1-4BE0-9731-8559FF642E88}.Release|Any CPU.Build.0 = Release|Any CPU
		{D0C49A76-6FB6-48C8-8EA9-ADF8D52985F6}.Debug|Any CPU.ActiveCfg = Debug|Any CPU
		{D0C49A76-6FB6-48C8-8EA9-ADF8D52985F6}.Debug|Any CPU.Build.0 = Debug|Any CPU
		{D0C49A76-6FB6-48C8-8EA9-ADF8D52985F6}.Release|Any CPU.ActiveCfg = Release|Any CPU
		{D0C49A76-6FB6-48C8-8EA9-ADF8D52985F6}.Release|Any CPU.Build.0 = Release|Any CPU
		{EF248164-247A-42FF-9687-0D49922C9959}.Debug|Any CPU.ActiveCfg = Debug|Any CPU
		{EF248164-247A-42FF-9687-0D49922C9959}.Debug|Any CPU.Build.0 = Debug|Any CPU
		{EF248164-247A-42FF-9687-0D49922C9959}.Release|Any CPU.ActiveCfg = Release|Any CPU
		{EF248164-247A-42FF-9687-0D49922C9959}.Release|Any CPU.Build.0 = Release|Any CPU
		{87816DB0-B205-4349-A783-32360C02B558}.Debug|Any CPU.ActiveCfg = Debug|Any CPU
		{87816DB0-B205-4349-A783-32360C02B558}.Debug|Any CPU.Build.0 = Debug|Any CPU
		{87816DB0-B205-4349-A783-32360C02B558}.Release|Any CPU.ActiveCfg = Release|Any CPU
		{87816DB0-B205-4349-A783-32360C02B558}.Release|Any CPU.Build.0 = Release|Any CPU
		{2CDCCD56-CFC7-4EFC-990F-34248EF9A3E1}.Debug|Any CPU.ActiveCfg = Debug|Any CPU
		{2CDCCD56-CFC7-4EFC-990F-34248EF9A3E1}.Debug|Any CPU.Build.0 = Debug|Any CPU
		{2CDCCD56-CFC7-4EFC-990F-34248EF9A3E1}.Release|Any CPU.ActiveCfg = Release|Any CPU
		{2CDCCD56-CFC7-4EFC-990F-34248EF9A3E1}.Release|Any CPU.Build.0 = Release|Any CPU
		{9E443037-619D-4D49-988A-D8D1F18F379A}.Debug|Any CPU.ActiveCfg = Debug|Any CPU
		{9E443037-619D-4D49-988A-D8D1F18F379A}.Debug|Any CPU.Build.0 = Debug|Any CPU
		{9E443037-619D-4D49-988A-D8D1F18F379A}.Release|Any CPU.ActiveCfg = Release|Any CPU
		{9E443037-619D-4D49-988A-D8D1F18F379A}.Release|Any CPU.Build.0 = Release|Any CPU
		{1FE974B8-8BAD-408F-82C2-07E329A22219}.Debug|Any CPU.ActiveCfg = Debug|Any CPU
		{1FE974B8-8BAD-408F-82C2-07E329A22219}.Debug|Any CPU.Build.0 = Debug|Any CPU
		{1FE974B8-8BAD-408F-82C2-07E329A22219}.Release|Any CPU.ActiveCfg = Release|Any CPU
		{1FE974B8-8BAD-408F-82C2-07E329A22219}.Release|Any CPU.Build.0 = Release|Any CPU
		{AABB8CAA-00B3-436F-B440-35E5DAA72763}.Debug|Any CPU.ActiveCfg = Debug|Any CPU
		{AABB8CAA-00B3-436F-B440-35E5DAA72763}.Debug|Any CPU.Build.0 = Debug|Any CPU
		{AABB8CAA-00B3-436F-B440-35E5DAA72763}.Release|Any CPU.ActiveCfg = Release|Any CPU
		{AABB8CAA-00B3-436F-B440-35E5DAA72763}.Release|Any CPU.Build.0 = Release|Any CPU
		{1BE1F566-2654-4C94-AAD8-48058BEC9787}.Debug|Any CPU.ActiveCfg = Debug|Any CPU
		{1BE1F566-2654-4C94-AAD8-48058BEC9787}.Debug|Any CPU.Build.0 = Debug|Any CPU
		{1BE1F566-2654-4C94-AAD8-48058BEC9787}.Release|Any CPU.ActiveCfg = Release|Any CPU
		{1BE1F566-2654-4C94-AAD8-48058BEC9787}.Release|Any CPU.Build.0 = Release|Any CPU
		{E1EF8F78-4FD2-4CD6-99BF-ACCC8A97D425}.Debug|Any CPU.ActiveCfg = Debug|Any CPU
		{E1EF8F78-4FD2-4CD6-99BF-ACCC8A97D425}.Debug|Any CPU.Build.0 = Debug|Any CPU
		{E1EF8F78-4FD2-4CD6-99BF-ACCC8A97D425}.Release|Any CPU.ActiveCfg = Release|Any CPU
		{E1EF8F78-4FD2-4CD6-99BF-ACCC8A97D425}.Release|Any CPU.Build.0 = Release|Any CPU
		{8CEFD661-9E57-4829-A432-C34B363A2942}.Debug|Any CPU.ActiveCfg = Debug|Any CPU
		{8CEFD661-9E57-4829-A432-C34B363A2942}.Debug|Any CPU.Build.0 = Debug|Any CPU
		{8CEFD661-9E57-4829-A432-C34B363A2942}.Release|Any CPU.ActiveCfg = Release|Any CPU
		{8CEFD661-9E57-4829-A432-C34B363A2942}.Release|Any CPU.Build.0 = Release|Any CPU
		{21365945-4D99-4B73-ABBC-B90437B34AD4}.Debug|Any CPU.ActiveCfg = Debug|Any CPU
		{21365945-4D99-4B73-ABBC-B90437B34AD4}.Debug|Any CPU.Build.0 = Debug|Any CPU
		{21365945-4D99-4B73-ABBC-B90437B34AD4}.Release|Any CPU.ActiveCfg = Release|Any CPU
		{21365945-4D99-4B73-ABBC-B90437B34AD4}.Release|Any CPU.Build.0 = Release|Any CPU
		{901D6795-F2A2-4884-837C-2EE74D2B01A5}.Debug|Any CPU.ActiveCfg = Debug|Any CPU
		{901D6795-F2A2-4884-837C-2EE74D2B01A5}.Debug|Any CPU.Build.0 = Debug|Any CPU
		{901D6795-F2A2-4884-837C-2EE74D2B01A5}.Release|Any CPU.ActiveCfg = Release|Any CPU
		{901D6795-F2A2-4884-837C-2EE74D2B01A5}.Release|Any CPU.Build.0 = Release|Any CPU
		{FF9DF745-B63D-42D5-B21D-9F6676DA8BDA}.Debug|Any CPU.ActiveCfg = Debug|Any CPU
		{FF9DF745-B63D-42D5-B21D-9F6676DA8BDA}.Debug|Any CPU.Build.0 = Debug|Any CPU
		{FF9DF745-B63D-42D5-B21D-9F6676DA8BDA}.Release|Any CPU.ActiveCfg = Release|Any CPU
		{FF9DF745-B63D-42D5-B21D-9F6676DA8BDA}.Release|Any CPU.Build.0 = Release|Any CPU
		{E9D93D91-F2C8-4037-A603-E3B2A6C06AFA}.Debug|Any CPU.ActiveCfg = Debug|Any CPU
		{E9D93D91-F2C8-4037-A603-E3B2A6C06AFA}.Debug|Any CPU.Build.0 = Debug|Any CPU
		{E9D93D91-F2C8-4037-A603-E3B2A6C06AFA}.Release|Any CPU.ActiveCfg = Release|Any CPU
		{E9D93D91-F2C8-4037-A603-E3B2A6C06AFA}.Release|Any CPU.Build.0 = Release|Any CPU
		{7D87085A-C95D-421B-BE22-27B24163AC0B}.Debug|Any CPU.ActiveCfg = Debug|Any CPU
		{7D87085A-C95D-421B-BE22-27B24163AC0B}.Debug|Any CPU.Build.0 = Debug|Any CPU
		{7D87085A-C95D-421B-BE22-27B24163AC0B}.Release|Any CPU.ActiveCfg = Release|Any CPU
		{7D87085A-C95D-421B-BE22-27B24163AC0B}.Release|Any CPU.Build.0 = Release|Any CPU
		{FD1B1313-BF7E-4EB7-910A-D8ABA9A33697}.Debug|Any CPU.ActiveCfg = Debug|Any CPU
		{FD1B1313-BF7E-4EB7-910A-D8ABA9A33697}.Debug|Any CPU.Build.0 = Debug|Any CPU
		{FD1B1313-BF7E-4EB7-910A-D8ABA9A33697}.Release|Any CPU.ActiveCfg = Release|Any CPU
		{FD1B1313-BF7E-4EB7-910A-D8ABA9A33697}.Release|Any CPU.Build.0 = Release|Any CPU
	EndGlobalSection
	GlobalSection(SolutionProperties) = preSolution
		HideSolutionNode = FALSE
	EndGlobalSection
	GlobalSection(NestedProjects) = preSolution
		{A777809C-DB8B-4399-B6D4-8B1A4877A0AF} = {D26BC7B2-718C-4F97-AF36-4377E19ECE62}
		{440D903A-D409-48FC-A6C4-3EE69CCD663B} = {D26BC7B2-718C-4F97-AF36-4377E19ECE62}
		{C493B9F9-EB13-4D07-BBBD-A333DCF15164} = {ED9F22F6-586F-442E-A102-18D0F192520A}
		{F2C864F8-4BD9-431F-9810-70E377F95027} = {BD64C6A8-FE60-470F-89CD-1412076FDEF4}
		{0FEA262C-4EAF-49DB-8D32-8E90DDEF23B6} = {32768117-3FA1-4EE4-B464-0AD8565AC606}
		{A6A7257A-D1AE-4A09-8C1C-F55E099C8A8A} = {37709784-DCD6-4A6A-8EC5-7B1BF4EA0BAF}
		{94E4E1B4-D424-4EB9-BF34-2EE8CC3D7048} = {D26BC7B2-718C-4F97-AF36-4377E19ECE62}
		{3DFB4EAE-A2DD-43F1-ABA6-E28EB1C7DC67} = {D26BC7B2-718C-4F97-AF36-4377E19ECE62}
		{74434B76-0465-45E6-8262-1745638E19D8} = {ED9F22F6-586F-442E-A102-18D0F192520A}
		{63F2C13B-4377-4BAA-9104-5BEA389A4621} = {ED9F22F6-586F-442E-A102-18D0F192520A}
		{B7DF833E-8260-40CC-9384-7CF747E30B12} = {BD64C6A8-FE60-470F-89CD-1412076FDEF4}
		{E641F51F-1B51-4B94-B419-F902EABCE4D5} = {BD64C6A8-FE60-470F-89CD-1412076FDEF4}
		{E641F51F-1B51-4B94-B419-F902EABCE4D4} = {D26BC7B2-718C-4F97-AF36-4377E19ECE62}
		{8FBECEDA-78A0-4429-B791-B9219ED49B36} = {32768117-3FA1-4EE4-B464-0AD8565AC606}
		{F7D4B5FA-16FC-4C8A-97B4-FCD391ADE0AF} = {32768117-3FA1-4EE4-B464-0AD8565AC606}
		{EDA14ED0-E442-4FBD-9FD6-E6F9732500A0} = {37709784-DCD6-4A6A-8EC5-7B1BF4EA0BAF}
		{F8F786C4-6B20-4E71-9693-6BF367ED6AA1} = {37709784-DCD6-4A6A-8EC5-7B1BF4EA0BAF}
		{E641F51F-1B51-4B94-B419-A902EABCE4D4} = {D26BC7B2-718C-4F97-AF36-4377E19ECE62}
		{F5193CD8-B431-48ED-B101-D8DBEF766140} = {D26BC7B2-718C-4F97-AF36-4377E19ECE62}
		{2756B5D0-B576-417F-A107-1695DF76D34A} = {67DEB60F-761A-41F0-9E0F-6D374D82C090}
		{C1C5EA00-6553-4C57-B9BC-39B116021715} = {67DEB60F-761A-41F0-9E0F-6D374D82C090}
		{AA8A77A4-143E-4BD5-B188-7133C65E5050} = {67DEB60F-761A-41F0-9E0F-6D374D82C090}
		{8E5D50C8-85AC-41EA-AA26-2667494D4FAF} = {7E15F131-2DB4-4E83-9DF0-3A3A272B4FAD}
		{9FD3F78B-90B7-47DC-B4B5-05EBF2267227} = {7E15F131-2DB4-4E83-9DF0-3A3A272B4FAD}
		{4520C7E5-2532-4AC5-9CE8-0CDDADF006CB} = {7E15F131-2DB4-4E83-9DF0-3A3A272B4FAD}
		{AC34A9CF-F893-4D1F-99C3-9B703CE6A035} = {B325DB50-238B-4B85-A03F-DA92E611C73D}
		{45AFA285-AB51-450E-8C56-C1D41B17FD00} = {B325DB50-238B-4B85-A03F-DA92E611C73D}
		{21CAAB7F-6775-4277-AEFB-6A1A3799C0E6} = {B325DB50-238B-4B85-A03F-DA92E611C73D}
		{B4BB1353-924A-40F0-9AA5-A7C28AB68F69} = {4F43F098-FBFF-4DA7-97E8-E8ACC4968600}
		{EE5CA38F-3F29-43E1-B385-03798EDDC765} = {4F43F098-FBFF-4DA7-97E8-E8ACC4968600}
		{C3FAAF50-CA05-42A5-9616-B48C21643D03} = {4F43F098-FBFF-4DA7-97E8-E8ACC4968600}
		{C185F156-BEFC-44A0-8F25-065558AEDB6A} = {D26BC7B2-718C-4F97-AF36-4377E19ECE62}
		{0CC4A267-C8CE-4E40-A9C8-82B55B8D983A} = {6F0DCCC4-A7C0-4A09-91BC-ECAAA8A19E4F}
		{1EF3D7BE-BA9D-4D32-924D-3A58C48CBC28} = {6F0DCCC4-A7C0-4A09-91BC-ECAAA8A19E4F}
		{FA1252A4-90A9-4B29-AE2D-716BA2C9EF4C} = {6F0DCCC4-A7C0-4A09-91BC-ECAAA8A19E4F}
		{FE89FAD0-EB54-4F30-9449-6091621AFA8F} = {00E21E5B-EC26-4FE1-99E9-80D89E48F815}
		{8B40D8CE-A70D-4C4C-AE3B-90819E3EF3C9} = {00E21E5B-EC26-4FE1-99E9-80D89E48F815}
		{2348477B-0F62-41A5-9DD3-786C76EDB0F7} = {00E21E5B-EC26-4FE1-99E9-80D89E48F815}
		{6A4B2532-4790-4283-B014-4BA058D76C18} = {A5BDDA1E-CE12-405F-92DF-3A18C125514F}
		{40D3A2FB-6C6E-4277-B698-54ECD88B3E40} = {A5BDDA1E-CE12-405F-92DF-3A18C125514F}
		{7D1C58D6-9E5D-47E2-A8D0-59A1AB707CC2} = {A5BDDA1E-CE12-405F-92DF-3A18C125514F}
		{0C674706-2B0B-40E1-88D6-75ECE60A5712} = {E2A2F5A9-2F2A-429A-AFBD-D88663F16E1D}
		{1BFC3F87-48AC-4422-8134-369021A04651} = {E2A2F5A9-2F2A-429A-AFBD-D88663F16E1D}
		{1535CA93-2F78-4A31-BAE2-E12FE536C7D0} = {E2A2F5A9-2F2A-429A-AFBD-D88663F16E1D}
		{5535B317-1EFA-4128-AAEB-235354E58299} = {6D82D093-1822-4D32-8A22-9733F63A54C2}
		{ECEDA5D3-211D-4DCC-A7B4-AA2FB7569C68} = {6D82D093-1822-4D32-8A22-9733F63A54C2}
		{2B33D4E2-1F60-4DA6-9B60-424E4359FF74} = {6D82D093-1822-4D32-8A22-9733F63A54C2}
		{E215F828-468E-45B3-8483-245DB607354A} = {DDD4F025-4D00-4CA3-B900-33196F8CE02C}
		{7EEB2191-B3FC-4509-AA4B-A345C386EEED} = {D26BC7B2-718C-4F97-AF36-4377E19ECE62}
		{74CE8CDA-60B4-4BC6-A521-5B44B7A6E5A5} = {DDD4F025-4D00-4CA3-B900-33196F8CE02C}
		{33BE0554-42E6-46B5-A340-0A12DA3755DB} = {C4C06CD4-62A3-4796-950C-126CDD736A19}
		{5DD06B8D-BF33-488A-8D51-D9568B41FCF7} = {C4C06CD4-62A3-4796-950C-126CDD736A19}
		{81E3FC72-5F94-4169-B44D-8F470382B931} = {C4C06CD4-62A3-4796-950C-126CDD736A19}
		{88808830-F9BE-476B-9F1C-F6E0FFCD4312} = {D26BC7B2-718C-4F97-AF36-4377E19ECE62}
		{8D5E6A4E-3775-457B-9BE2-A46D0F8CB4A8} = {58478745-EA04-43CD-A407-3E18211B6812}
		{61B1C951-AD48-4398-8DDC-DE5F28378F3B} = {58478745-EA04-43CD-A407-3E18211B6812}
		{6BB8A4AF-8B42-4812-BFD3-3E392816CAE9} = {58478745-EA04-43CD-A407-3E18211B6812}
		{BBF526E6-1DA3-479E-AC22-A9C45C95CC4A} = {F25D70D1-D3C3-4B0B-AE13-1997C72941BC}
		{3175D550-BF85-40E4-93DA-CC705159D98F} = {F25D70D1-D3C3-4B0B-AE13-1997C72941BC}
		{C7978911-3A16-4D0E-9F00-7CA0D6D80B42} = {F25D70D1-D3C3-4B0B-AE13-1997C72941BC}
		{280D71D5-3BF4-4420-B578-C2367567627E} = {0760E89B-7FEB-45E5-9ED9-A62FD47AB733}
		{57E811A6-D98D-4308-ADAE-0B61A06272AE} = {0760E89B-7FEB-45E5-9ED9-A62FD47AB733}
		{30CA2352-4681-41A8-BF41-71C7D18EFE59} = {0760E89B-7FEB-45E5-9ED9-A62FD47AB733}
		{FBDBA010-0EC2-4834-83E0-74A24B17D09A} = {9BA9A360-FD8A-480E-8916-7F6289AB3177}
		{45CFBF3B-71B0-48C8-A921-1194040668CC} = {9BA9A360-FD8A-480E-8916-7F6289AB3177}
		{0C801912-8AFE-47E4-BFF2-D861E688A300} = {9A1E119A-EB79-4C34-AC05-3840D3F5C6D0}
		{FAF6E2F6-55CB-4870-85C5-32F5505BD677} = {9A1E119A-EB79-4C34-AC05-3840D3F5C6D0}
		{40DF67F5-65B3-4698-948D-82B1CF83890C} = {FBC6662D-E139-4008-A2BA-B22AD68182C4}
		{B7D67E2A-4EAA-4779-BAB8-94EFE70E434D} = {FBC6662D-E139-4008-A2BA-B22AD68182C4}
		{2516B282-86A8-4F76-AE15-0A8F00331FDB} = {FBC6662D-E139-4008-A2BA-B22AD68182C4}
		{0C5BA605-454E-4C6D-B088-5973CE98FA34} = {E0A9C896-70FF-4DD5-8A2E-7683537FFAEC}
		{1D57BA2D-B6D1-4BE0-9731-8559FF642E88} = {E0A9C896-70FF-4DD5-8A2E-7683537FFAEC}
		{D0C49A76-6FB6-48C8-8EA9-ADF8D52985F6} = {E0A9C896-70FF-4DD5-8A2E-7683537FFAEC}
		{EF248164-247A-42FF-9687-0D49922C9959} = {941C76F2-F300-442B-BB2E-81423E3CCC3F}
		{87816DB0-B205-4349-A783-32360C02B558} = {941C76F2-F300-442B-BB2E-81423E3CCC3F}
		{2CDCCD56-CFC7-4EFC-990F-34248EF9A3E1} = {941C76F2-F300-442B-BB2E-81423E3CCC3F}
		{9E443037-619D-4D49-988A-D8D1F18F379A} = {030AE8CC-C1E2-44CE-8825-51B3AB978343}
		{1FE974B8-8BAD-408F-82C2-07E329A22219} = {030AE8CC-C1E2-44CE-8825-51B3AB978343}
		{AABB8CAA-00B3-436F-B440-35E5DAA72763} = {030AE8CC-C1E2-44CE-8825-51B3AB978343}
		{1BE1F566-2654-4C94-AAD8-48058BEC9787} = {55DFEFF7-6D86-4784-99BD-0EA630D7B94C}
		{E1EF8F78-4FD2-4CD6-99BF-ACCC8A97D425} = {55DFEFF7-6D86-4784-99BD-0EA630D7B94C}
		{8CEFD661-9E57-4829-A432-C34B363A2942} = {55DFEFF7-6D86-4784-99BD-0EA630D7B94C}
		{21365945-4D99-4B73-ABBC-B90437B34AD4} = {A1244AE0-2ACF-467C-BBE0-A75DCB5902CF}
		{901D6795-F2A2-4884-837C-2EE74D2B01A5} = {A1244AE0-2ACF-467C-BBE0-A75DCB5902CF}
		{FF9DF745-B63D-42D5-B21D-9F6676DA8BDA} = {A1244AE0-2ACF-467C-BBE0-A75DCB5902CF}
		{E9D93D91-F2C8-4037-A603-E3B2A6C06AFA} = {645E8182-EEAF-44AD-8DE2-5B15D2E1BD76}
		{7D87085A-C95D-421B-BE22-27B24163AC0B} = {645E8182-EEAF-44AD-8DE2-5B15D2E1BD76}
		{FD1B1313-BF7E-4EB7-910A-D8ABA9A33697} = {645E8182-EEAF-44AD-8DE2-5B15D2E1BD76}
	EndGlobalSection
	GlobalSection(ExtensibilityGlobals) = postSolution
		NAntAddinLastFileName = Common.Logging.build
	EndGlobalSection
EndGlobal
