Microsoft Visual Studio Solution File, Format Version 8.00
Project("{FAE04EC0-301F-11D3-BF4B-00C04F79EFBC}") = "Common.Logging.2003", "src\Common\Common.Logging\Common.Logging.2003.csproj", "{B1B4C34B-6710-409F-BF91-B91DB0A2EAFE}"
	ProjectSection(ProjectDependencies) = postProject
	EndProjectSection
EndProject
Project("{FAE04EC0-301F-11D3-BF4B-00C04F79EFBC}") = "Common.Logging.Tests.2003", "test\Common\Common.Logging.Tests\Common.Logging.Tests.2003.csproj", "{5E1602C0-E1EC-4DD5-B76E-9EF8F3F70403}"
	ProjectSection(ProjectDependencies) = postProject
	EndProjectSection
EndProject
Global
	GlobalSection(SolutionConfiguration) = preSolution
		Debug-1.1 = Debug-1.1
		Release-1.1 = Release-1.1
	EndGlobalSection
	GlobalSection(ProjectDependencies) = postSolution
	EndGlobalSection
	GlobalSection(ProjectConfiguration) = postSolution
		{B1B4C34B-6710-409F-BF91-B91DB0A2EAFE}.Debug-1.1.ActiveCfg = Debug-1.1|.NET
		{B1B4C34B-6710-409F-BF91-B91DB0A2EAFE}.Debug-1.1.Build.0 = Debug-1.1|.NET
		{B1B4C34B-6710-409F-BF91-B91DB0A2EAFE}.Release-1.1.ActiveCfg = Release-1.1|.NET
		{B1B4C34B-6710-409F-BF91-B91DB0A2EAFE}.Release-1.1.Build.0 = Release-1.1|.NET
		{5E1602C0-E1EC-4DD5-B76E-9EF8F3F70403}.Debug-1.1.ActiveCfg = Debug-1.1|.NET
		{5E1602C0-E1EC-4DD5-B76E-9EF8F3F70403}.Debug-1.1.Build.0 = Debug-1.1|.NET
		{5E1602C0-E1EC-4DD5-B76E-9EF8F3F70403}.Release-1.1.ActiveCfg = Release-1.1|.NET
		{5E1602C0-E1EC-4DD5-B76E-9EF8F3F70403}.Release-1.1.Build.0 = Release-1.1|.NET
	EndGlobalSection
	GlobalSection(ExtensibilityGlobals) = postSolution
	EndGlobalSection
	GlobalSection(ExtensibilityAddIns) = postSolution
	EndGlobalSection
EndGlobal
