Microsoft Visual Studio Solution File, Format Version 8.00
Project("{FAE04EC0-301F-11D3-BF4B-00C04F79EFBC}") = "Common.Logging.EntLib.2003", "src\Common\Common.Logging.EntLib\Common.Logging.EntLib.2003.csproj", "{15E0EFC1-5575-4583-90F4-241CF1DA0585}"
	ProjectSection(ProjectDependencies) = postProject
	EndProjectSection
EndProject
Project("{FAE04EC0-301F-11D3-BF4B-00C04F79EFBC}") = "Common.Logging.EntLib.Integration.Tests.2003", "test\Common\Common.Logging.EntLib.Integration.Tests\Common.Logging.EntLib.Integration.Tests.2003.csproj", "{5DB4761A-1426-4662-91AB-D815DB8B97FF}"
	ProjectSection(ProjectDependencies) = postProject
	EndProjectSection
EndProject
Project("{FAE04EC0-301F-11D3-BF4B-00C04F79EFBC}") = "Common.Logging.EntLib.Tests.2003", "test\Common\Common.Logging.EntLib.Tests\Common.Logging.EntLib.Tests.2003.csproj", "{C36D122F-888C-4010-8D40-AC5EAF154C64}"
	ProjectSection(ProjectDependencies) = postProject
	EndProjectSection
EndProject
Global
	GlobalSection(SolutionConfiguration) = preSolution
		Debug = Debug
		Release = Release
	EndGlobalSection
	GlobalSection(ProjectConfiguration) = postSolution
		{15E0EFC1-5575-4583-90F4-241CF1DA0585}.Debug.ActiveCfg = Debug|.NET
		{15E0EFC1-5575-4583-90F4-241CF1DA0585}.Debug.Build.0 = Debug|.NET
		{15E0EFC1-5575-4583-90F4-241CF1DA0585}.Release.ActiveCfg = Release|.NET
		{15E0EFC1-5575-4583-90F4-241CF1DA0585}.Release.Build.0 = Release|.NET
		{5DB4761A-1426-4662-91AB-D815DB8B97FF}.Debug.ActiveCfg = Debug|.NET
		{5DB4761A-1426-4662-91AB-D815DB8B97FF}.Debug.Build.0 = Debug|.NET
		{5DB4761A-1426-4662-91AB-D815DB8B97FF}.Release.ActiveCfg = Release|.NET
		{5DB4761A-1426-4662-91AB-D815DB8B97FF}.Release.Build.0 = Release|.NET
		{C36D122F-888C-4010-8D40-AC5EAF154C64}.Debug.ActiveCfg = Debug|.NET
		{C36D122F-888C-4010-8D40-AC5EAF154C64}.Debug.Build.0 = Debug|.NET
		{C36D122F-888C-4010-8D40-AC5EAF154C64}.Release.ActiveCfg = Release|.NET
		{C36D122F-888C-4010-8D40-AC5EAF154C64}.Release.Build.0 = Release|.NET
	EndGlobalSection
	GlobalSection(ExtensibilityGlobals) = postSolution
	EndGlobalSection
	GlobalSection(ExtensibilityAddIns) = postSolution
	EndGlobalSection
EndGlobal
