
Microsoft Visual Studio Solution File, Format Version 11.00
# Visual Studio 2010
Project("{FAE04EC0-301F-11D3-BF4B-00C04F79EFBC}") = "Common.Logging.MonoTouch", "Common.Logging.MonoTouch\Common.Logging.MonoTouch.csproj", "{DD9F81C2-BA9A-4212-9249-2300C62AFF6F}"
EndProject
Global
	GlobalSection(SolutionConfigurationPlatforms) = preSolution
		Debug|Any CPU = Debug|Any CPU
		Release|Any CPU = Release|Any CPU
	EndGlobalSection
	GlobalSection(ProjectConfigurationPlatforms) = postSolution
		{DD9F81C2-BA9A-4212-9249-2300C62AFF6F}.Debug|Any CPU.ActiveCfg = Debug|Any CPU
		{DD9F81C2-BA9A-4212-9249-2300C62AFF6F}.Debug|Any CPU.Build.0 = Debug|Any CPU
		{DD9F81C2-BA9A-4212-9249-2300C62AFF6F}.Release|Any CPU.ActiveCfg = Release|Any CPU
		{DD9F81C2-BA9A-4212-9249-2300C62AFF6F}.Release|Any CPU.Build.0 = Release|Any CPU
	EndGlobalSection
	GlobalSection(MonoDevelopProperties) = preSolution
		StartupItem = Common.Logging.MonoTouch\Common.Logging.MonoTouch.csproj
	EndGlobalSection
EndGlobal
