Microsoft Visual Studio Solution File, Format Version 8.00
Project("{FAE04EC0-301F-11D3-BF4B-00C04F79EFBC}") = "Common.Logging.Log4Net.2003", "src\Common\Common.Logging.Log4Net\Common.Logging.Log4Net.2003.csproj", "{29A41648-D17A-4938-BA22-C2CA8F768F0D}"
	ProjectSection(ProjectDependencies) = postProject
	EndProjectSection
EndProject
Project("{FAE04EC0-301F-11D3-BF4B-00C04F79EFBC}") = "Common.Logging.Log4Net.Tests.2003", "test\Common\Common.Logging.Log4Net.Tests\Common.Logging.Log4Net.Tests.2003.csproj", "{DD5B5D91-016F-40AB-8FF0-481113A3C8B8}"
	ProjectSection(ProjectDependencies) = postProject
	EndProjectSection
EndProject
Global
	GlobalSection(SolutionConfiguration) = preSolution
		Debug = Debug
		Release = Release
	EndGlobalSection
	GlobalSection(ProjectConfiguration) = postSolution
		{29A41648-D17A-4938-BA22-C2CA8F768F0D}.Debug.ActiveCfg = Debug|.NET
		{29A41648-D17A-4938-BA22-C2CA8F768F0D}.Debug.Build.0 = Debug|.NET
		{29A41648-D17A-4938-BA22-C2CA8F768F0D}.Release.ActiveCfg = Release|.NET
		{29A41648-D17A-4938-BA22-C2CA8F768F0D}.Release.Build.0 = Release|.NET
		{DD5B5D91-016F-40AB-8FF0-481113A3C8B8}.Debug.ActiveCfg = Debug|.NET
		{DD5B5D91-016F-40AB-8FF0-481113A3C8B8}.Debug.Build.0 = Debug|.NET
		{DD5B5D91-016F-40AB-8FF0-481113A3C8B8}.Release.ActiveCfg = Release|.NET
		{DD5B5D91-016F-40AB-8FF0-481113A3C8B8}.Release.Build.0 = Release|.NET
	EndGlobalSection
	GlobalSection(ExtensibilityGlobals) = postSolution
	EndGlobalSection
	GlobalSection(ExtensibilityAddIns) = postSolution
	EndGlobalSection
EndGlobal
