
Microsoft Visual Studio Solution File, Format Version 9.00
# Visual Studio 2005
Project("{FAE04EC0-301F-11D3-BF4B-00C04F79EFBC}") = "Common.Logging.Log4Net.2005", "src\Common\Common.Logging.Log4Net\Common.Logging.Log4Net.2005.csproj", "{0FEA262C-4EAF-49DB-8D32-8E90DDEF23B6}"
EndProject
Project("{FAE04EC0-301F-11D3-BF4B-00C04F79EFBC}") = "Common.Logging.Log4Net.Tests.2005", "test\Common\Common.Logging.Log4Net.Tests\Common.Logging.Log4Net.Tests.2005.csproj", "{94E4E1B4-D424-4EB9-BF34-2EE8CC3D7048}"
EndProject
Global
	GlobalSection(SolutionConfigurationPlatforms) = preSolution
		Debug|Any CPU = Debug|Any CPU
		Release|Any CPU = Release|Any CPU
	EndGlobalSection
	GlobalSection(ProjectConfigurationPlatforms) = postSolution
		{0FEA262C-4EAF-49DB-8D32-8E90DDEF23B6}.Debug|Any CPU.ActiveCfg = Debug|Any CPU
		{0FEA262C-4EAF-49DB-8D32-8E90DDEF23B6}.Debug|Any CPU.Build.0 = Debug|Any CPU
		{0FEA262C-4EAF-49DB-8D32-8E90DDEF23B6}.Release|Any CPU.ActiveCfg = Release|Any CPU
		{0FEA262C-4EAF-49DB-8D32-8E90DDEF23B6}.Release|Any CPU.Build.0 = Release|Any CPU
		{94E4E1B4-D424-4EB9-BF34-2EE8CC3D7048}.Debug|Any CPU.ActiveCfg = Debug|Any CPU
		{94E4E1B4-D424-4EB9-BF34-2EE8CC3D7048}.Debug|Any CPU.Build.0 = Debug|Any CPU
		{94E4E1B4-D424-4EB9-BF34-2EE8CC3D7048}.Release|Any CPU.ActiveCfg = Release|Any CPU
		{94E4E1B4-D424-4EB9-BF34-2EE8CC3D7048}.Release|Any CPU.Build.0 = Release|Any CPU
	EndGlobalSection
	GlobalSection(SolutionProperties) = preSolution
		HideSolutionNode = FALSE
	EndGlobalSection
EndGlobal
